PODS:
  - Colours (4.1)
  - CSNotificationView (0.3.3)
  - DPMeterView (0.0.1)
  - JBChartView (1.1.3)
  - MRProgress (0.3.1)
  - NSDate+TimeAgo (1.0.2)
  - PNChart (0.3.1)
  - PulsingHalo (0.0.1)
  - RMStepsController (1.0.0)
  - RSBarcodes (0.0.3)

DEPENDENCIES:
  - Colours
  - CSNotificationView (~> 0.3.3)
  - DPMeterView (= 0.0.1)
  - JBChartView (~> 1.1.3)
  - MRProgress (~> 0.3)
  - NSDate+TimeAgo
  - PNChart (~> 0.3.1)
  - PulsingHalo
  - RMStepsController (~> 1.0.0)
  - RSBarcodes (~> 0.0.3)

SPEC CHECKSUMS:
  Colours: 72912c7baa2ce5bee076b6ce08f75791a3fa5244
  CSNotificationView: f14352657afe7255be9fb2446eb99d5914b97b5d
  DPMeterView: 0cfa41936a00d60938cdfd8a298ce399bc1bbd53
  JBChartView: 12893527d095c173e38aaac4925b72854a13ed4f
  MRProgress: 741d8849f3d6e71cf254b32ea8c0bc0b2a122136
  NSDate+TimeAgo: fe93d3042e83093ae3630bc47ae7d57f782733f6
  PNChart: 2538e83bfda6809f2c50e95151edbc86f8425879
  PulsingHalo: 6c5b7e18ca5c6c1319d5e2fd277f123ed74a1435
  RMStepsController: bd30e3eb7bead3a3b93d34d912dc24ba0d1256fc
  RSBarcodes: dcc8cab02286d11b3661b85b674a13452ee5f861

COCOAPODS: 0.29.0
