// !$*UTF8*$!
{
	archiveVersion = 1;
	classes = {
	};
	objectVersion = 46;
	objects = {

/* Begin PBXBuildFile section */
		3504D006190D76310016DF61 /* OLDTimeTable.m in Sources */ = {isa = PBXBuildFile; fileRef = 3504D005190D76310016DF61 /* OLDTimeTable.m */; };
		350CD8AF19238B04005D10E5 /* FacebookSDK.framework in Frameworks */ = {isa = PBXBuildFile; fileRef = 350CD8AE19238B04005D10E5 /* FacebookSDK.framework */; };
		3510174F18661DC7005F4101 /* StoreKit.framework in Frameworks */ = {isa = PBXBuildFile; fileRef = 3510174E18661DC7005F4101 /* StoreKit.framework */; };
		35128E81186844E500DBC06D /* NoClassRightNow.xib in Resources */ = {isa = PBXBuildFile; fileRef = 35128E80186844E500DBC06D /* NoClassRightNow.xib */; };
		35155D8118781A8100513E05 /* SettingsTabViewController.m in Sources */ = {isa = PBXBuildFile; fileRef = 35155D8018781A8100513E05 /* SettingsTabViewController.m */; };
		35157EB918C6F78500C51FA3 /* MarksViewController.m in Sources */ = {isa = PBXBuildFile; fileRef = 35157EB818C6F78500C51FA3 /* MarksViewController.m */; };
		351674C818DF2BD8002AC961 /* VITacademics.xcdatamodeld in Sources */ = {isa = PBXBuildFile; fileRef = 351674C618DF2BD8002AC961 /* VITacademics.xcdatamodeld */; };
		35167C9718DE014800B81229 /* 13-target.png in Resources */ = {isa = PBXBuildFile; fileRef = 35167C9618DE014800B81229 /* 13-target.png */; };
		35167C9918DE020500B81229 /* 83-calendar.png in Resources */ = {isa = PBXBuildFile; fileRef = 35167C9818DE020500B81229 /* 83-calendar.png */; };
		3518D1551854583000EFC1AF /* Foundation.framework in Frameworks */ = {isa = PBXBuildFile; fileRef = 3518D1541854583000EFC1AF /* Foundation.framework */; };
		3518D1571854583000EFC1AF /* CoreGraphics.framework in Frameworks */ = {isa = PBXBuildFile; fileRef = 3518D1561854583000EFC1AF /* CoreGraphics.framework */; };
		3518D1591854583000EFC1AF /* UIKit.framework in Frameworks */ = {isa = PBXBuildFile; fileRef = 3518D1581854583000EFC1AF /* UIKit.framework */; };
		3518D15F1854583000EFC1AF /* InfoPlist.strings in Resources */ = {isa = PBXBuildFile; fileRef = 3518D15D1854583000EFC1AF /* InfoPlist.strings */; };
		3518D1611854583000EFC1AF /* main.m in Sources */ = {isa = PBXBuildFile; fileRef = 3518D1601854583000EFC1AF /* main.m */; };
		3518D1681854583000EFC1AF /* Main_iPhone.storyboard in Resources */ = {isa = PBXBuildFile; fileRef = 3518D1661854583000EFC1AF /* Main_iPhone.storyboard */; };
		3518D16B1854583000EFC1AF /* Main_iPad.storyboard in Resources */ = {isa = PBXBuildFile; fileRef = 3518D1691854583000EFC1AF /* Main_iPad.storyboard */; };
		3518D1701854583000EFC1AF /* Images.xcassets in Resources */ = {isa = PBXBuildFile; fileRef = 3518D16F1854583000EFC1AF /* Images.xcassets */; };
		3518D1771854583000EFC1AF /* XCTest.framework in Frameworks */ = {isa = PBXBuildFile; fileRef = 3518D1761854583000EFC1AF /* XCTest.framework */; };
		3518D1781854583000EFC1AF /* Foundation.framework in Frameworks */ = {isa = PBXBuildFile; fileRef = 3518D1541854583000EFC1AF /* Foundation.framework */; };
		3518D1791854583000EFC1AF /* UIKit.framework in Frameworks */ = {isa = PBXBuildFile; fileRef = 3518D1581854583000EFC1AF /* UIKit.framework */; };
		3518D1811854583000EFC1AF /* InfoPlist.strings in Resources */ = {isa = PBXBuildFile; fileRef = 3518D17F1854583000EFC1AF /* InfoPlist.strings */; };
		3518D1831854583000EFC1AF /* VITacademicsTests.m in Sources */ = {isa = PBXBuildFile; fileRef = 3518D1821854583000EFC1AF /* VITacademicsTests.m */; };
		3518D19918545FE500EFC1AF /* InitView.m in Sources */ = {isa = PBXBuildFile; fileRef = 3518D19818545FE500EFC1AF /* InitView.m */; };
		3518D1A51854633B00EFC1AF /* MuseoSans_500_Italic.otf in Resources */ = {isa = PBXBuildFile; fileRef = 3518D19B1854633B00EFC1AF /* MuseoSans_500_Italic.otf */; };
		3518D1A61854633B00EFC1AF /* MuseoSans_500.otf in Resources */ = {isa = PBXBuildFile; fileRef = 3518D19C1854633B00EFC1AF /* MuseoSans_500.otf */; };
		3518D1A71854633B00EFC1AF /* MuseoSans_700.otf in Resources */ = {isa = PBXBuildFile; fileRef = 3518D19D1854633B00EFC1AF /* MuseoSans_700.otf */; };
		3518D1A81854633B00EFC1AF /* MuseoSans_900.otf in Resources */ = {isa = PBXBuildFile; fileRef = 3518D19E1854633B00EFC1AF /* MuseoSans_900.otf */; };
		3518D1A91854633B00EFC1AF /* MuseoSans-100.otf in Resources */ = {isa = PBXBuildFile; fileRef = 3518D19F1854633B00EFC1AF /* MuseoSans-100.otf */; };
		3518D1AA1854633B00EFC1AF /* MuseoSans-100Italic.otf in Resources */ = {isa = PBXBuildFile; fileRef = 3518D1A01854633B00EFC1AF /* MuseoSans-100Italic.otf */; };
		3518D1AB1854633B00EFC1AF /* MuseoSans-300.otf in Resources */ = {isa = PBXBuildFile; fileRef = 3518D1A11854633B00EFC1AF /* MuseoSans-300.otf */; };
		3518D1AC1854633B00EFC1AF /* MuseoSans-300Italic.otf in Resources */ = {isa = PBXBuildFile; fileRef = 3518D1A21854633B00EFC1AF /* MuseoSans-300Italic.otf */; };
		3518D1AD1854633B00EFC1AF /* MuseoSans-700Italic.otf in Resources */ = {isa = PBXBuildFile; fileRef = 3518D1A31854633B00EFC1AF /* MuseoSans-700Italic.otf */; };
		3518D1AE1854633B00EFC1AF /* MuseoSans-900Italic.otf in Resources */ = {isa = PBXBuildFile; fileRef = 3518D1A41854633B00EFC1AF /* MuseoSans-900Italic.otf */; };
		3518D1B41854CF7600EFC1AF /* StepsViewController.m in Sources */ = {isa = PBXBuildFile; fileRef = 3518D1B31854CF7600EFC1AF /* StepsViewController.m */; };
		3518D1B81854F82200EFC1AF /* AudioToolbox.framework in Frameworks */ = {isa = PBXBuildFile; fileRef = 3518D1B71854F82200EFC1AF /* AudioToolbox.framework */; };
		3518D1BA1854F82800EFC1AF /* CFNetwork.framework in Frameworks */ = {isa = PBXBuildFile; fileRef = 3518D1B91854F82800EFC1AF /* CFNetwork.framework */; };
		3518D1BC1854F83400EFC1AF /* CoreLocation.framework in Frameworks */ = {isa = PBXBuildFile; fileRef = 3518D1BB1854F83400EFC1AF /* CoreLocation.framework */; };
		3518D1BE1854F83D00EFC1AF /* libz.1.1.3.dylib in Frameworks */ = {isa = PBXBuildFile; fileRef = 3518D1BD1854F83D00EFC1AF /* libz.1.1.3.dylib */; };
		3518D1C01854F84500EFC1AF /* MobileCoreServices.framework in Frameworks */ = {isa = PBXBuildFile; fileRef = 3518D1BF1854F84500EFC1AF /* MobileCoreServices.framework */; };
		3518D1C21854F84900EFC1AF /* QuartzCore.framework in Frameworks */ = {isa = PBXBuildFile; fileRef = 3518D1C11854F84900EFC1AF /* QuartzCore.framework */; };
		3518D1C41854F85000EFC1AF /* Security.framework in Frameworks */ = {isa = PBXBuildFile; fileRef = 3518D1C31854F85000EFC1AF /* Security.framework */; };
		3518D1C81854F85800EFC1AF /* SystemConfiguration.framework in Frameworks */ = {isa = PBXBuildFile; fileRef = 3518D1C71854F85800EFC1AF /* SystemConfiguration.framework */; };
		3518E96C189B9981001F32A8 /* CaptchaViewController.m in Sources */ = {isa = PBXBuildFile; fileRef = 3518E96B189B9981001F32A8 /* CaptchaViewController.m */; };
		3518E96F189B9F56001F32A8 /* SubjectDetailsViewController.m in Sources */ = {isa = PBXBuildFile; fileRef = 3518E96E189B9F56001F32A8 /* SubjectDetailsViewController.m */; };
		351B91E51904655A005170E0 /* FriendsTableViewCell.m in Sources */ = {isa = PBXBuildFile; fileRef = 351B91E31904655A005170E0 /* FriendsTableViewCell.m */; };
		351B91E61904655A005170E0 /* FriendsTableViewCell.xib in Resources */ = {isa = PBXBuildFile; fileRef = 351B91E41904655A005170E0 /* FriendsTableViewCell.xib */; };
		35204C5918586CC20005319B /* SettingsViewController.m in Sources */ = {isa = PBXBuildFile; fileRef = 35204C5818586CC20005319B /* SettingsViewController.m */; };
		3526824B18ACA7660082D518 /* libsqlite3.0.dylib in Frameworks */ = {isa = PBXBuildFile; fileRef = 3526824A18ACA7660082D518 /* libsqlite3.0.dylib */; };
		3526824D18ACA76D0082D518 /* libz.dylib in Frameworks */ = {isa = PBXBuildFile; fileRef = 3526824C18ACA76D0082D518 /* libz.dylib */; };
		3526825F18ACAACE0082D518 /* CoreData.framework in Frameworks */ = {isa = PBXBuildFile; fileRef = 3526825E18ACAACE0082D518 /* CoreData.framework */; };
		3526826118ACAAD80082D518 /* AdSupport.framework in Frameworks */ = {isa = PBXBuildFile; fileRef = 3526826018ACAAD80082D518 /* AdSupport.framework */; };
		35470D6018ACA6EC004546DB /* CoreText.framework in Frameworks */ = {isa = PBXBuildFile; fileRef = 35470D5F18ACA6EC004546DB /* CoreText.framework */; };
		35470D6218ACA6F5004546DB /* CoreTelephony.framework in Frameworks */ = {isa = PBXBuildFile; fileRef = 35470D6118ACA6F5004546DB /* CoreTelephony.framework */; };
		354B0B2C18AE0719003D403B /* 1536x2048.png in Resources */ = {isa = PBXBuildFile; fileRef = 354B0B2718AE0719003D403B /* 1536x2048.png */; };
		354B0B2D18AE0719003D403B /* 768x1024.png in Resources */ = {isa = PBXBuildFile; fileRef = 354B0B2818AE0719003D403B /* 768x1024.png */; };
		354B0B2E18AE0719003D403B /* 40.png in Resources */ = {isa = PBXBuildFile; fileRef = 354B0B2918AE0719003D403B /* 40.png */; };
		354B0B2F18AE0719003D403B /* 76.png in Resources */ = {isa = PBXBuildFile; fileRef = 354B0B2A18AE0719003D403B /* 76.png */; };
		354B0B3018AE0719003D403B /* 152.png in Resources */ = {isa = PBXBuildFile; fileRef = 354B0B2B18AE0719003D403B /* 152.png */; };
		355364C318F4436F001ABBAA /* EventKit.framework in Frameworks */ = {isa = PBXBuildFile; fileRef = 355364BF18F4433C001ABBAA /* EventKit.framework */; };
		355364C418F4436F001ABBAA /* EventKitUI.framework in Frameworks */ = {isa = PBXBuildFile; fileRef = 355364C118F44346001ABBAA /* EventKitUI.framework */; };
		3559BCDA18F7DCCC00D80CA2 /* MWKProgressIndicator.m in Sources */ = {isa = PBXBuildFile; fileRef = 3559BCD918F7DCCC00D80CA2 /* MWKProgressIndicator.m */; };
		355F962C188D1BBB00BB0945 /* iPhoneTableViewCell.m in Sources */ = {isa = PBXBuildFile; fileRef = 355F962A188D1BBB00BB0945 /* iPhoneTableViewCell.m */; };
		355F962D188D1BBB00BB0945 /* iPhoneCellNib.xib in Resources */ = {isa = PBXBuildFile; fileRef = 355F962B188D1BBB00BB0945 /* iPhoneCellNib.xib */; };
		355F9630188D1E8700BB0945 /* AttendanceViewController.m in Sources */ = {isa = PBXBuildFile; fileRef = 355F962F188D1E8700BB0945 /* AttendanceViewController.m */; };
		3565457F198954E50028D535 /* libGoogleAnalyticsServices.a in Frameworks */ = {isa = PBXBuildFile; fileRef = 3565457E198954E50028D535 /* libGoogleAnalyticsServices.a */; };
		356802AD1859118E00C41D69 /* VITxAPI.m in Sources */ = {isa = PBXBuildFile; fileRef = 356802AC1859118E00C41D69 /* VITxAPI.m */; };
		357228E218F57C100057771F /* NotificationCell.xib in Resources */ = {isa = PBXBuildFile; fileRef = 357228E118F57C100057771F /* NotificationCell.xib */; };
		357228E518F57CA40057771F /* NotificationCell.m in Sources */ = {isa = PBXBuildFile; fileRef = 357228E418F57CA40057771F /* NotificationCell.m */; };
		357228E818F57D0C0057771F /* NotificationViewController.m in Sources */ = {isa = PBXBuildFile; fileRef = 357228E718F57D0C0057771F /* NotificationViewController.m */; };
		3584E3F218CDE3530004CF20 /* Pigeon.bundle in Resources */ = {isa = PBXBuildFile; fileRef = 3584E3EF18CDE3530004CF20 /* Pigeon.bundle */; };
		3584E3F318CDE3530004CF20 /* Pigeon.m in Sources */ = {isa = PBXBuildFile; fileRef = 3584E3F118CDE3530004CF20 /* Pigeon.m */; };
		3595264518A400F400A4767B /* loadingImage.png in Resources */ = {isa = PBXBuildFile; fileRef = 3595264418A400F400A4767B /* loadingImage.png */; };
		35961C5D18A113FE009F09C8 /* Default-568h@2x.png in Resources */ = {isa = PBXBuildFile; fileRef = 35961C5C18A113FE009F09C8 /* Default-568h@2x.png */; };
		35961C6318A14E71009F09C8 /* 58.png in Resources */ = {isa = PBXBuildFile; fileRef = 35961C5E18A14E71009F09C8 /* 58.png */; };
		35961C6418A14E71009F09C8 /* 80.png in Resources */ = {isa = PBXBuildFile; fileRef = 35961C5F18A14E71009F09C8 /* 80.png */; };
		35961C6518A14E71009F09C8 /* 120.png in Resources */ = {isa = PBXBuildFile; fileRef = 35961C6018A14E71009F09C8 /* 120.png */; };
		35961C6618A14E71009F09C8 /* 960x640.png in Resources */ = {isa = PBXBuildFile; fileRef = 35961C6118A14E71009F09C8 /* 960x640.png */; };
		35961C6718A14E71009F09C8 /* 1136x640.png in Resources */ = {isa = PBXBuildFile; fileRef = 35961C6218A14E71009F09C8 /* 1136x640.png */; };
		359B1C291980369500991869 /* full__0000s_0047_more.png in Resources */ = {isa = PBXBuildFile; fileRef = 359B1C281980369500991869 /* full__0000s_0047_more.png */; };
		359C60BE185CD25000FB36B2 /* CurrentClassTableViewCell.m in Sources */ = {isa = PBXBuildFile; fileRef = 359C60BD185CD25000FB36B2 /* CurrentClassTableViewCell.m */; };
		359C60C0185CD27200FB36B2 /* CurrentClassTableViewCell.xib in Resources */ = {isa = PBXBuildFile; fileRef = 359C60BF185CD27200FB36B2 /* CurrentClassTableViewCell.xib */; };
		359D2CAE18AD0168007565C1 /* MessageUI.framework in Frameworks */ = {isa = PBXBuildFile; fileRef = 359D2CAD18AD0168007565C1 /* MessageUI.framework */; };
		359EDB9A185DBA1600D14248 /* FriendsViewController.m in Sources */ = {isa = PBXBuildFile; fileRef = 359EDB99185DBA1600D14248 /* FriendsViewController.m */; };
		35A32CB618A4B3DF00898607 /* captchaError.png in Resources */ = {isa = PBXBuildFile; fileRef = 35A32CB518A4B3DF00898607 /* captchaError.png */; };
		35A51AB0192C003A00968389 /* PurchaseViewController.m in Sources */ = {isa = PBXBuildFile; fileRef = 35A51AAF192C003A00968389 /* PurchaseViewController.m */; };
		35A6A2C018C4A956004BC6C5 /* RootForPageViewController.m in Sources */ = {isa = PBXBuildFile; fileRef = 35A6A2BF18C4A956004BC6C5 /* RootForPageViewController.m */; };
		35A6A2C118C4A956004BC6C5 /* RootForPageViewController.m in Sources */ = {isa = PBXBuildFile; fileRef = 35A6A2BF18C4A956004BC6C5 /* RootForPageViewController.m */; };
		35A6C8C61979B26B00AF4FE1 /* Parse.framework in Frameworks */ = {isa = PBXBuildFile; fileRef = 35A6C8C51979B26B00AF4FE1 /* Parse.framework */; };
		35A751EF185B90AF009FC74D /* TodayViewController.m in Sources */ = {isa = PBXBuildFile; fileRef = 35A751EE185B90AF009FC74D /* TodayViewController.m */; };
		35A751F2185B91E6009FC74D /* TimeTable.m in Sources */ = {isa = PBXBuildFile; fileRef = 35A751F1185B91E6009FC74D /* TimeTable.m */; };
		35A751F5185B9608009FC74D /* TabViewController.m in Sources */ = {isa = PBXBuildFile; fileRef = 35A751F4185B9608009FC74D /* TabViewController.m */; };
		35BC0D991902EBFD007CE6E4 /* Friend+Operations.m in Sources */ = {isa = PBXBuildFile; fileRef = 35BC0D981902EBFD007CE6E4 /* Friend+Operations.m */; };
		35BC0D9C1902FC76007CE6E4 /* Friend.m in Sources */ = {isa = PBXBuildFile; fileRef = 35BC0D9B1902FC76007CE6E4 /* Friend.m */; };
		35BC0D9F1902FF40007CE6E4 /* AddFriendViewController.m in Sources */ = {isa = PBXBuildFile; fileRef = 35BC0D9E1902FF40007CE6E4 /* AddFriendViewController.m */; };
		35BC32DD189D950400B2999D /* ShareViewController.m in Sources */ = {isa = PBXBuildFile; fileRef = 35BC32DC189D950400B2999D /* ShareViewController.m */; };
		35C1FFF0197A73AA002699DE /* vit-university-map-no-numbers.jpg in Resources */ = {isa = PBXBuildFile; fileRef = 35C1FFEF197A73AA002699DE /* vit-university-map-no-numbers.jpg */; };
		35C1FFF3197A742A002699DE /* CampusMapViewController.m in Sources */ = {isa = PBXBuildFile; fileRef = 35C1FFF2197A742A002699DE /* CampusMapViewController.m */; };
		35C9DF2F18DEE39D000E1260 /* Subject+Operations.m in Sources */ = {isa = PBXBuildFile; fileRef = 35C9DF2E18DEE39D000E1260 /* Subject+Operations.m */; };
		35C9DF3218DEE672000E1260 /* Attendance+Operations.m in Sources */ = {isa = PBXBuildFile; fileRef = 35C9DF3118DEE672000E1260 /* Attendance+Operations.m */; };
		35C9DF3518DEED1D000E1260 /* Marks+Operations.m in Sources */ = {isa = PBXBuildFile; fileRef = 35C9DF3418DEED1D000E1260 /* Marks+Operations.m */; };
		35D20BE81864FF46001139C9 /* UpcomingClassCell.m in Sources */ = {isa = PBXBuildFile; fileRef = 35D20BE71864FF46001139C9 /* UpcomingClassCell.m */; };
		35D20BEA1864FF66001139C9 /* UpcomingClassCell.xib in Resources */ = {isa = PBXBuildFile; fileRef = 35D20BE91864FF66001139C9 /* UpcomingClassCell.xib */; };
		35D2181D188FDBF5000E5BEC /* DetailViewController.m in Sources */ = {isa = PBXBuildFile; fileRef = 35D2181C188FDBF5000E5BEC /* DetailViewController.m */; };
		35D27AA018E885B300D56196 /* AppDelegate.m in Sources */ = {isa = PBXBuildFile; fileRef = 35D27A9F18E885B300D56196 /* AppDelegate.m */; };
		35D4A319189E51F400F23A28 /* DataController.m in Sources */ = {isa = PBXBuildFile; fileRef = 35D4A318189E51F400F23A28 /* DataController.m */; };
		35DD77BD18DBF36D0037333B /* FullTimeTableTableViewController.m in Sources */ = {isa = PBXBuildFile; fileRef = 35DD77BC18DBF36D0037333B /* FullTimeTableTableViewController.m */; };
		35DD77BE18DBF36D0037333B /* FullTimeTableTableViewController.m in Sources */ = {isa = PBXBuildFile; fileRef = 35DD77BC18DBF36D0037333B /* FullTimeTableTableViewController.m */; };
		35DE51FC190BBDA3002199B7 /* bitstream.c in Sources */ = {isa = PBXBuildFile; fileRef = 35DE51EC190BBDA3002199B7 /* bitstream.c */; };
		35DE51FD190BBDA3002199B7 /* mask.c in Sources */ = {isa = PBXBuildFile; fileRef = 35DE51EE190BBDA3002199B7 /* mask.c */; };
		35DE51FE190BBDA3002199B7 /* qrencode.c in Sources */ = {isa = PBXBuildFile; fileRef = 35DE51F0190BBDA3002199B7 /* qrencode.c */; };
		35DE51FF190BBDA3002199B7 /* qrinput.c in Sources */ = {isa = PBXBuildFile; fileRef = 35DE51F2190BBDA3002199B7 /* qrinput.c */; };
		35DE5200190BBDA3002199B7 /* qrspec.c in Sources */ = {isa = PBXBuildFile; fileRef = 35DE51F4190BBDA3002199B7 /* qrspec.c */; };
		35DE5201190BBDA3002199B7 /* rscode.c in Sources */ = {isa = PBXBuildFile; fileRef = 35DE51F6190BBDA3002199B7 /* rscode.c */; };
		35DE5202190BBDA3002199B7 /* split.c in Sources */ = {isa = PBXBuildFile; fileRef = 35DE51F8190BBDA3002199B7 /* split.c */; };
		35DE5203190BBDA3002199B7 /* UIImage+MDQRCode.m in Sources */ = {isa = PBXBuildFile; fileRef = 35DE51FB190BBDA3002199B7 /* UIImage+MDQRCode.m */; };
		35E2969118DBF70A005074EA /* PageContainerTimeTableViewController.m in Sources */ = {isa = PBXBuildFile; fileRef = 35E2969018DBF70A005074EA /* PageContainerTimeTableViewController.m */; };
		35E36B3A18A9B5A0005FBFF1 /* FriendsComingSoonCell.xib in Resources */ = {isa = PBXBuildFile; fileRef = 35E36B3918A9B5A0005FBFF1 /* FriendsComingSoonCell.xib */; };
		35EF94B51909151A00854E93 /* FacebookViewController.m in Sources */ = {isa = PBXBuildFile; fileRef = 35EF94B41909151A00854E93 /* FacebookViewController.m */; };
		35EFF80B18EC2381009DCD5E /* Attendance.m in Sources */ = {isa = PBXBuildFile; fileRef = 35EFF80A18EC2381009DCD5E /* Attendance.m */; };
		35EFF80E18EC2381009DCD5E /* Marks.m in Sources */ = {isa = PBXBuildFile; fileRef = 35EFF80D18EC2381009DCD5E /* Marks.m */; };
		35EFF81118EC2381009DCD5E /* Subject.m in Sources */ = {isa = PBXBuildFile; fileRef = 35EFF81018EC2381009DCD5E /* Subject.m */; };
		F05DA906B6EC44E6B2253C4C /* libPods.a in Frameworks */ = {isa = PBXBuildFile; fileRef = 4E84647C95C14A498AD2419D /* libPods.a */; };
/* End PBXBuildFile section */

/* Begin PBXContainerItemProxy section */
		3518D17A1854583000EFC1AF /* PBXContainerItemProxy */ = {
			isa = PBXContainerItemProxy;
			containerPortal = 3518D1491854583000EFC1AF /* Project object */;
			proxyType = 1;
			remoteGlobalIDString = 3518D1501854583000EFC1AF;
			remoteInfo = VITacademics;
		};
/* End PBXContainerItemProxy section */

/* Begin PBXFileReference section */
		3504D004190D76310016DF61 /* OLDTimeTable.h */ = {isa = PBXFileReference; fileEncoding = 4; lastKnownFileType = sourcecode.c.h; path = OLDTimeTable.h; sourceTree = "<group>"; };
		3504D005190D76310016DF61 /* OLDTimeTable.m */ = {isa = PBXFileReference; fileEncoding = 4; lastKnownFileType = sourcecode.c.objc; path = OLDTimeTable.m; sourceTree = "<group>"; };
		350CD8AE19238B04005D10E5 /* FacebookSDK.framework */ = {isa = PBXFileReference; lastKnownFileType = wrapper.framework; path = FacebookSDK.framework; sourceTree = "<group>"; };
		3510174E18661DC7005F4101 /* StoreKit.framework */ = {isa = PBXFileReference; lastKnownFileType = wrapper.framework; name = StoreKit.framework; path = System/Library/Frameworks/StoreKit.framework; sourceTree = SDKROOT; };
		35128E80186844E500DBC06D /* NoClassRightNow.xib */ = {isa = PBXFileReference; fileEncoding = 4; lastKnownFileType = file.xib; name = NoClassRightNow.xib; path = ../NoClassRightNow.xib; sourceTree = "<group>"; };
		35155D7F18781A8100513E05 /* SettingsTabViewController.h */ = {isa = PBXFileReference; fileEncoding = 4; lastKnownFileType = sourcecode.c.h; path = SettingsTabViewController.h; sourceTree = "<group>"; };
		35155D8018781A8100513E05 /* SettingsTabViewController.m */ = {isa = PBXFileReference; fileEncoding = 4; lastKnownFileType = sourcecode.c.objc; path = SettingsTabViewController.m; sourceTree = "<group>"; };
		35157EB718C6F78500C51FA3 /* MarksViewController.h */ = {isa = PBXFileReference; fileEncoding = 4; lastKnownFileType = sourcecode.c.h; path = MarksViewController.h; sourceTree = "<group>"; };
		35157EB818C6F78500C51FA3 /* MarksViewController.m */ = {isa = PBXFileReference; fileEncoding = 4; lastKnownFileType = sourcecode.c.objc; path = MarksViewController.m; sourceTree = "<group>"; };
		351674C718DF2BD8002AC961 /* VITacademics.xcdatamodel */ = {isa = PBXFileReference; lastKnownFileType = wrapper.xcdatamodel; path = VITacademics.xcdatamodel; sourceTree = "<group>"; };
		35167C9618DE014800B81229 /* 13-target.png */ = {isa = PBXFileReference; lastKnownFileType = image.png; path = "13-target.png"; sourceTree = "<group>"; };
		35167C9818DE020500B81229 /* 83-calendar.png */ = {isa = PBXFileReference; lastKnownFileType = image.png; path = "83-calendar.png"; sourceTree = "<group>"; };
		3518D1511854583000EFC1AF /* VITacademics.app */ = {isa = PBXFileReference; explicitFileType = wrapper.application; includeInIndex = 0; path = VITacademics.app; sourceTree = BUILT_PRODUCTS_DIR; };
		3518D1541854583000EFC1AF /* Foundation.framework */ = {isa = PBXFileReference; lastKnownFileType = wrapper.framework; name = Foundation.framework; path = System/Library/Frameworks/Foundation.framework; sourceTree = SDKROOT; };
		3518D1561854583000EFC1AF /* CoreGraphics.framework */ = {isa = PBXFileReference; lastKnownFileType = wrapper.framework; name = CoreGraphics.framework; path = System/Library/Frameworks/CoreGraphics.framework; sourceTree = SDKROOT; };
		3518D1581854583000EFC1AF /* UIKit.framework */ = {isa = PBXFileReference; lastKnownFileType = wrapper.framework; name = UIKit.framework; path = System/Library/Frameworks/UIKit.framework; sourceTree = SDKROOT; };
		3518D15C1854583000EFC1AF /* VITacademics-Info.plist */ = {isa = PBXFileReference; lastKnownFileType = text.plist.xml; path = "VITacademics-Info.plist"; sourceTree = "<group>"; };
		3518D15E1854583000EFC1AF /* en */ = {isa = PBXFileReference; lastKnownFileType = text.plist.strings; name = en; path = en.lproj/InfoPlist.strings; sourceTree = "<group>"; };
		3518D1601854583000EFC1AF /* main.m */ = {isa = PBXFileReference; lastKnownFileType = sourcecode.c.objc; path = main.m; sourceTree = "<group>"; };
		3518D1621854583000EFC1AF /* VITacademics-Prefix.pch */ = {isa = PBXFileReference; lastKnownFileType = sourcecode.c.h; path = "VITacademics-Prefix.pch"; sourceTree = "<group>"; };
		3518D1671854583000EFC1AF /* Base */ = {isa = PBXFileReference; lastKnownFileType = file.storyboard; name = Base; path = Base.lproj/Main_iPhone.storyboard; sourceTree = "<group>"; };
		3518D16A1854583000EFC1AF /* Base */ = {isa = PBXFileReference; lastKnownFileType = file.storyboard; name = Base; path = Base.lproj/Main_iPad.storyboard; sourceTree = "<group>"; };
		3518D16F1854583000EFC1AF /* Images.xcassets */ = {isa = PBXFileReference; lastKnownFileType = folder.assetcatalog; path = Images.xcassets; sourceTree = "<group>"; };
		3518D1751854583000EFC1AF /* VITacademicsTests.xctest */ = {isa = PBXFileReference; explicitFileType = wrapper.cfbundle; includeInIndex = 0; path = VITacademicsTests.xctest; sourceTree = BUILT_PRODUCTS_DIR; };
		3518D1761854583000EFC1AF /* XCTest.framework */ = {isa = PBXFileReference; lastKnownFileType = wrapper.framework; name = XCTest.framework; path = Library/Frameworks/XCTest.framework; sourceTree = DEVELOPER_DIR; };
		3518D17E1854583000EFC1AF /* VITacademicsTests-Info.plist */ = {isa = PBXFileReference; lastKnownFileType = text.plist.xml; path = "VITacademicsTests-Info.plist"; sourceTree = "<group>"; };
		3518D1801854583000EFC1AF /* en */ = {isa = PBXFileReference; lastKnownFileType = text.plist.strings; name = en; path = en.lproj/InfoPlist.strings; sourceTree = "<group>"; };
		3518D1821854583000EFC1AF /* VITacademicsTests.m */ = {isa = PBXFileReference; lastKnownFileType = sourcecode.c.objc; path = VITacademicsTests.m; sourceTree = "<group>"; };
		3518D19718545FE500EFC1AF /* InitView.h */ = {isa = PBXFileReference; fileEncoding = 4; lastKnownFileType = sourcecode.c.h; path = InitView.h; sourceTree = "<group>"; };
		3518D19818545FE500EFC1AF /* InitView.m */ = {isa = PBXFileReference; fileEncoding = 4; lastKnownFileType = sourcecode.c.objc; path = InitView.m; sourceTree = "<group>"; };
		3518D19B1854633B00EFC1AF /* MuseoSans_500_Italic.otf */ = {isa = PBXFileReference; lastKnownFileType = file; path = MuseoSans_500_Italic.otf; sourceTree = "<group>"; };
		3518D19C1854633B00EFC1AF /* MuseoSans_500.otf */ = {isa = PBXFileReference; lastKnownFileType = file; path = MuseoSans_500.otf; sourceTree = "<group>"; };
		3518D19D1854633B00EFC1AF /* MuseoSans_700.otf */ = {isa = PBXFileReference; lastKnownFileType = file; path = MuseoSans_700.otf; sourceTree = "<group>"; };
		3518D19E1854633B00EFC1AF /* MuseoSans_900.otf */ = {isa = PBXFileReference; lastKnownFileType = file; path = MuseoSans_900.otf; sourceTree = "<group>"; };
		3518D19F1854633B00EFC1AF /* MuseoSans-100.otf */ = {isa = PBXFileReference; lastKnownFileType = file; path = "MuseoSans-100.otf"; sourceTree = "<group>"; };
		3518D1A01854633B00EFC1AF /* MuseoSans-100Italic.otf */ = {isa = PBXFileReference; lastKnownFileType = file; path = "MuseoSans-100Italic.otf"; sourceTree = "<group>"; };
		3518D1A11854633B00EFC1AF /* MuseoSans-300.otf */ = {isa = PBXFileReference; lastKnownFileType = file; path = "MuseoSans-300.otf"; sourceTree = "<group>"; };
		3518D1A21854633B00EFC1AF /* MuseoSans-300Italic.otf */ = {isa = PBXFileReference; lastKnownFileType = file; path = "MuseoSans-300Italic.otf"; sourceTree = "<group>"; };
		3518D1A31854633B00EFC1AF /* MuseoSans-700Italic.otf */ = {isa = PBXFileReference; lastKnownFileType = file; path = "MuseoSans-700Italic.otf"; sourceTree = "<group>"; };
		3518D1A41854633B00EFC1AF /* MuseoSans-900Italic.otf */ = {isa = PBXFileReference; lastKnownFileType = file; path = "MuseoSans-900Italic.otf"; sourceTree = "<group>"; };
		3518D1B21854CF7600EFC1AF /* StepsViewController.h */ = {isa = PBXFileReference; fileEncoding = 4; lastKnownFileType = sourcecode.c.h; path = StepsViewController.h; sourceTree = "<group>"; };
		3518D1B31854CF7600EFC1AF /* StepsViewController.m */ = {isa = PBXFileReference; fileEncoding = 4; lastKnownFileType = sourcecode.c.objc; path = StepsViewController.m; sourceTree = "<group>"; };
		3518D1B71854F82200EFC1AF /* AudioToolbox.framework */ = {isa = PBXFileReference; lastKnownFileType = wrapper.framework; name = AudioToolbox.framework; path = System/Library/Frameworks/AudioToolbox.framework; sourceTree = SDKROOT; };
		3518D1B91854F82800EFC1AF /* CFNetwork.framework */ = {isa = PBXFileReference; lastKnownFileType = wrapper.framework; name = CFNetwork.framework; path = System/Library/Frameworks/CFNetwork.framework; sourceTree = SDKROOT; };
		3518D1BB1854F83400EFC1AF /* CoreLocation.framework */ = {isa = PBXFileReference; lastKnownFileType = wrapper.framework; name = CoreLocation.framework; path = System/Library/Frameworks/CoreLocation.framework; sourceTree = SDKROOT; };
		3518D1BD1854F83D00EFC1AF /* libz.1.1.3.dylib */ = {isa = PBXFileReference; lastKnownFileType = "compiled.mach-o.dylib"; name = libz.1.1.3.dylib; path = usr/lib/libz.1.1.3.dylib; sourceTree = SDKROOT; };
		3518D1BF1854F84500EFC1AF /* MobileCoreServices.framework */ = {isa = PBXFileReference; lastKnownFileType = wrapper.framework; name = MobileCoreServices.framework; path = System/Library/Frameworks/MobileCoreServices.framework; sourceTree = SDKROOT; };
		3518D1C11854F84900EFC1AF /* QuartzCore.framework */ = {isa = PBXFileReference; lastKnownFileType = wrapper.framework; name = QuartzCore.framework; path = System/Library/Frameworks/QuartzCore.framework; sourceTree = SDKROOT; };
		3518D1C31854F85000EFC1AF /* Security.framework */ = {isa = PBXFileReference; lastKnownFileType = wrapper.framework; name = Security.framework; path = System/Library/Frameworks/Security.framework; sourceTree = SDKROOT; };
		3518D1C71854F85800EFC1AF /* SystemConfiguration.framework */ = {isa = PBXFileReference; lastKnownFileType = wrapper.framework; name = SystemConfiguration.framework; path = System/Library/Frameworks/SystemConfiguration.framework; sourceTree = SDKROOT; };
		3518E96A189B9981001F32A8 /* CaptchaViewController.h */ = {isa = PBXFileReference; fileEncoding = 4; lastKnownFileType = sourcecode.c.h; path = CaptchaViewController.h; sourceTree = "<group>"; };
		3518E96B189B9981001F32A8 /* CaptchaViewController.m */ = {isa = PBXFileReference; fileEncoding = 4; lastKnownFileType = sourcecode.c.objc; path = CaptchaViewController.m; sourceTree = "<group>"; };
		3518E96D189B9F56001F32A8 /* SubjectDetailsViewController.h */ = {isa = PBXFileReference; fileEncoding = 4; lastKnownFileType = sourcecode.c.h; path = SubjectDetailsViewController.h; sourceTree = "<group>"; };
		3518E96E189B9F56001F32A8 /* SubjectDetailsViewController.m */ = {isa = PBXFileReference; fileEncoding = 4; lastKnownFileType = sourcecode.c.objc; path = SubjectDetailsViewController.m; sourceTree = "<group>"; };
		351B91E21904655A005170E0 /* FriendsTableViewCell.h */ = {isa = PBXFileReference; fileEncoding = 4; lastKnownFileType = sourcecode.c.h; path = FriendsTableViewCell.h; sourceTree = "<group>"; };
		351B91E31904655A005170E0 /* FriendsTableViewCell.m */ = {isa = PBXFileReference; fileEncoding = 4; lastKnownFileType = sourcecode.c.objc; path = FriendsTableViewCell.m; sourceTree = "<group>"; };
		351B91E41904655A005170E0 /* FriendsTableViewCell.xib */ = {isa = PBXFileReference; fileEncoding = 4; lastKnownFileType = file.xib; path = FriendsTableViewCell.xib; sourceTree = "<group>"; };
		35204C5718586CC20005319B /* SettingsViewController.h */ = {isa = PBXFileReference; fileEncoding = 4; lastKnownFileType = sourcecode.c.h; path = SettingsViewController.h; sourceTree = "<group>"; };
		35204C5818586CC20005319B /* SettingsViewController.m */ = {isa = PBXFileReference; fileEncoding = 4; lastKnownFileType = sourcecode.c.objc; path = SettingsViewController.m; sourceTree = "<group>"; };
		3526824A18ACA7660082D518 /* libsqlite3.0.dylib */ = {isa = PBXFileReference; lastKnownFileType = "compiled.mach-o.dylib"; name = libsqlite3.0.dylib; path = usr/lib/libsqlite3.0.dylib; sourceTree = SDKROOT; };
		3526824C18ACA76D0082D518 /* libz.dylib */ = {isa = PBXFileReference; lastKnownFileType = "compiled.mach-o.dylib"; name = libz.dylib; path = usr/lib/libz.dylib; sourceTree = SDKROOT; };
		3526825E18ACAACE0082D518 /* CoreData.framework */ = {isa = PBXFileReference; lastKnownFileType = wrapper.framework; name = CoreData.framework; path = System/Library/Frameworks/CoreData.framework; sourceTree = SDKROOT; };
		3526826018ACAAD80082D518 /* AdSupport.framework */ = {isa = PBXFileReference; lastKnownFileType = wrapper.framework; name = AdSupport.framework; path = System/Library/Frameworks/AdSupport.framework; sourceTree = SDKROOT; };
		35470D5F18ACA6EC004546DB /* CoreText.framework */ = {isa = PBXFileReference; lastKnownFileType = wrapper.framework; name = CoreText.framework; path = System/Library/Frameworks/CoreText.framework; sourceTree = SDKROOT; };
		35470D6118ACA6F5004546DB /* CoreTelephony.framework */ = {isa = PBXFileReference; lastKnownFileType = wrapper.framework; name = CoreTelephony.framework; path = System/Library/Frameworks/CoreTelephony.framework; sourceTree = SDKROOT; };
		354B0B2718AE0719003D403B /* 1536x2048.png */ = {isa = PBXFileReference; lastKnownFileType = image.png; path = 1536x2048.png; sourceTree = "<group>"; };
		354B0B2818AE0719003D403B /* 768x1024.png */ = {isa = PBXFileReference; lastKnownFileType = image.png; path = 768x1024.png; sourceTree = "<group>"; };
		354B0B2918AE0719003D403B /* 40.png */ = {isa = PBXFileReference; lastKnownFileType = image.png; path = 40.png; sourceTree = "<group>"; };
		354B0B2A18AE0719003D403B /* 76.png */ = {isa = PBXFileReference; lastKnownFileType = image.png; path = 76.png; sourceTree = "<group>"; };
		354B0B2B18AE0719003D403B /* 152.png */ = {isa = PBXFileReference; lastKnownFileType = image.png; path = 152.png; sourceTree = "<group>"; };
		355364BF18F4433C001ABBAA /* EventKit.framework */ = {isa = PBXFileReference; lastKnownFileType = wrapper.framework; name = EventKit.framework; path = System/Library/Frameworks/EventKit.framework; sourceTree = SDKROOT; };
		355364C118F44346001ABBAA /* EventKitUI.framework */ = {isa = PBXFileReference; lastKnownFileType = wrapper.framework; name = EventKitUI.framework; path = System/Library/Frameworks/EventKitUI.framework; sourceTree = SDKROOT; };
		3559BCD818F7DCCC00D80CA2 /* MWKProgressIndicator.h */ = {isa = PBXFileReference; fileEncoding = 4; lastKnownFileType = sourcecode.c.h; path = MWKProgressIndicator.h; sourceTree = "<group>"; };
		3559BCD918F7DCCC00D80CA2 /* MWKProgressIndicator.m */ = {isa = PBXFileReference; fileEncoding = 4; lastKnownFileType = sourcecode.c.objc; path = MWKProgressIndicator.m; sourceTree = "<group>"; };
		355F9629188D1BBB00BB0945 /* iPhoneTableViewCell.h */ = {isa = PBXFileReference; fileEncoding = 4; lastKnownFileType = sourcecode.c.h; path = iPhoneTableViewCell.h; sourceTree = "<group>"; };
		355F962A188D1BBB00BB0945 /* iPhoneTableViewCell.m */ = {isa = PBXFileReference; fileEncoding = 4; lastKnownFileType = sourcecode.c.objc; path = iPhoneTableViewCell.m; sourceTree = "<group>"; };
		355F962B188D1BBB00BB0945 /* iPhoneCellNib.xib */ = {isa = PBXFileReference; fileEncoding = 4; lastKnownFileType = file.xib; path = iPhoneCellNib.xib; sourceTree = "<group>"; };
		355F962E188D1E8700BB0945 /* AttendanceViewController.h */ = {isa = PBXFileReference; fileEncoding = 4; lastKnownFileType = sourcecode.c.h; path = AttendanceViewController.h; sourceTree = "<group>"; };
		355F962F188D1E8700BB0945 /* AttendanceViewController.m */ = {isa = PBXFileReference; fileEncoding = 4; lastKnownFileType = sourcecode.c.objc; path = AttendanceViewController.m; sourceTree = "<group>"; };
		3565457E198954E50028D535 /* libGoogleAnalyticsServices.a */ = {isa = PBXFileReference; lastKnownFileType = archive.ar; path = libGoogleAnalyticsServices.a; sourceTree = "<group>"; };
		35654580198955120028D535 /* GAI.h */ = {isa = PBXFileReference; lastKnownFileType = sourcecode.c.h; path = GAI.h; sourceTree = "<group>"; };
		35654581198955120028D535 /* GAIDictionaryBuilder.h */ = {isa = PBXFileReference; lastKnownFileType = sourcecode.c.h; path = GAIDictionaryBuilder.h; sourceTree = "<group>"; };
		35654582198955120028D535 /* GAIFields.h */ = {isa = PBXFileReference; lastKnownFileType = sourcecode.c.h; path = GAIFields.h; sourceTree = "<group>"; };
		35654583198955120028D535 /* GAILogger.h */ = {isa = PBXFileReference; lastKnownFileType = sourcecode.c.h; path = GAILogger.h; sourceTree = "<group>"; };
		35654584198955120028D535 /* GAITrackedViewController.h */ = {isa = PBXFileReference; lastKnownFileType = sourcecode.c.h; path = GAITrackedViewController.h; sourceTree = "<group>"; };
		35654585198955120028D535 /* GAITracker.h */ = {isa = PBXFileReference; lastKnownFileType = sourcecode.c.h; path = GAITracker.h; sourceTree = "<group>"; };
		356802AB1859118E00C41D69 /* VITxAPI.h */ = {isa = PBXFileReference; fileEncoding = 4; lastKnownFileType = sourcecode.c.h; path = VITxAPI.h; sourceTree = "<group>"; };
		356802AC1859118E00C41D69 /* VITxAPI.m */ = {isa = PBXFileReference; fileEncoding = 4; lastKnownFileType = sourcecode.c.objc; path = VITxAPI.m; sourceTree = "<group>"; };
		357228E118F57C100057771F /* NotificationCell.xib */ = {isa = PBXFileReference; fileEncoding = 4; lastKnownFileType = file.xib; path = NotificationCell.xib; sourceTree = "<group>"; };
		357228E318F57CA40057771F /* NotificationCell.h */ = {isa = PBXFileReference; fileEncoding = 4; lastKnownFileType = sourcecode.c.h; path = NotificationCell.h; sourceTree = "<group>"; };
		357228E418F57CA40057771F /* NotificationCell.m */ = {isa = PBXFileReference; fileEncoding = 4; lastKnownFileType = sourcecode.c.objc; path = NotificationCell.m; sourceTree = "<group>"; };
		357228E618F57D0C0057771F /* NotificationViewController.h */ = {isa = PBXFileReference; fileEncoding = 4; lastKnownFileType = sourcecode.c.h; path = NotificationViewController.h; sourceTree = "<group>"; };
		357228E718F57D0C0057771F /* NotificationViewController.m */ = {isa = PBXFileReference; fileEncoding = 4; lastKnownFileType = sourcecode.c.objc; path = NotificationViewController.m; sourceTree = "<group>"; };
		3584E3EF18CDE3530004CF20 /* Pigeon.bundle */ = {isa = PBXFileReference; lastKnownFileType = "wrapper.plug-in"; path = Pigeon.bundle; sourceTree = "<group>"; };
		3584E3F018CDE3530004CF20 /* Pigeon.h */ = {isa = PBXFileReference; fileEncoding = 4; lastKnownFileType = sourcecode.c.h; path = Pigeon.h; sourceTree = "<group>"; };
		3584E3F118CDE3530004CF20 /* Pigeon.m */ = {isa = PBXFileReference; fileEncoding = 4; lastKnownFileType = sourcecode.c.objc; path = Pigeon.m; sourceTree = "<group>"; };
		3595264418A400F400A4767B /* loadingImage.png */ = {isa = PBXFileReference; lastKnownFileType = image.png; path = loadingImage.png; sourceTree = "<group>"; };
		35961C5C18A113FE009F09C8 /* Default-568h@2x.png */ = {isa = PBXFileReference; lastKnownFileType = image.png; path = "Default-568h@2x.png"; sourceTree = "<group>"; };
		35961C5E18A14E71009F09C8 /* 58.png */ = {isa = PBXFileReference; lastKnownFileType = image.png; path = 58.png; sourceTree = "<group>"; };
		35961C5F18A14E71009F09C8 /* 80.png */ = {isa = PBXFileReference; lastKnownFileType = image.png; path = 80.png; sourceTree = "<group>"; };
		35961C6018A14E71009F09C8 /* 120.png */ = {isa = PBXFileReference; lastKnownFileType = image.png; path = 120.png; sourceTree = "<group>"; };
		35961C6118A14E71009F09C8 /* 960x640.png */ = {isa = PBXFileReference; lastKnownFileType = image.png; path = 960x640.png; sourceTree = "<group>"; };
		35961C6218A14E71009F09C8 /* 1136x640.png */ = {isa = PBXFileReference; lastKnownFileType = image.png; path = 1136x640.png; sourceTree = "<group>"; };
		359B1C281980369500991869 /* full__0000s_0047_more.png */ = {isa = PBXFileReference; lastKnownFileType = image.png; path = full__0000s_0047_more.png; sourceTree = "<group>"; };
		359C60BC185CD25000FB36B2 /* CurrentClassTableViewCell.h */ = {isa = PBXFileReference; fileEncoding = 4; lastKnownFileType = sourcecode.c.h; path = CurrentClassTableViewCell.h; sourceTree = "<group>"; };
		359C60BD185CD25000FB36B2 /* CurrentClassTableViewCell.m */ = {isa = PBXFileReference; fileEncoding = 4; lastKnownFileType = sourcecode.c.objc; path = CurrentClassTableViewCell.m; sourceTree = "<group>"; };
		359C60BF185CD27200FB36B2 /* CurrentClassTableViewCell.xib */ = {isa = PBXFileReference; fileEncoding = 4; lastKnownFileType = file.xib; path = CurrentClassTableViewCell.xib; sourceTree = "<group>"; };
		359D2CAD18AD0168007565C1 /* MessageUI.framework */ = {isa = PBXFileReference; lastKnownFileType = wrapper.framework; name = MessageUI.framework; path = System/Library/Frameworks/MessageUI.framework; sourceTree = SDKROOT; };
		359EDB98185DBA1600D14248 /* FriendsViewController.h */ = {isa = PBXFileReference; fileEncoding = 4; lastKnownFileType = sourcecode.c.h; path = FriendsViewController.h; sourceTree = "<group>"; };
		359EDB99185DBA1600D14248 /* FriendsViewController.m */ = {isa = PBXFileReference; fileEncoding = 4; lastKnownFileType = sourcecode.c.objc; path = FriendsViewController.m; sourceTree = "<group>"; };
		35A32CB518A4B3DF00898607 /* captchaError.png */ = {isa = PBXFileReference; lastKnownFileType = image.png; path = captchaError.png; sourceTree = "<group>"; };
		35A51AAE192C003A00968389 /* PurchaseViewController.h */ = {isa = PBXFileReference; fileEncoding = 4; lastKnownFileType = sourcecode.c.h; path = PurchaseViewController.h; sourceTree = "<group>"; };
		35A51AAF192C003A00968389 /* PurchaseViewController.m */ = {isa = PBXFileReference; fileEncoding = 4; lastKnownFileType = sourcecode.c.objc; path = PurchaseViewController.m; sourceTree = "<group>"; };
		35A6A2BE18C4A956004BC6C5 /* RootForPageViewController.h */ = {isa = PBXFileReference; fileEncoding = 4; lastKnownFileType = sourcecode.c.h; path = RootForPageViewController.h; sourceTree = "<group>"; };
		35A6A2BF18C4A956004BC6C5 /* RootForPageViewController.m */ = {isa = PBXFileReference; fileEncoding = 4; lastKnownFileType = sourcecode.c.objc; path = RootForPageViewController.m; sourceTree = "<group>"; };
		35A6C8C51979B26B00AF4FE1 /* Parse.framework */ = {isa = PBXFileReference; lastKnownFileType = wrapper.framework; path = Parse.framework; sourceTree = "<group>"; };
		35A751ED185B90AF009FC74D /* TodayViewController.h */ = {isa = PBXFileReference; fileEncoding = 4; lastKnownFileType = sourcecode.c.h; path = TodayViewController.h; sourceTree = "<group>"; };
		35A751EE185B90AF009FC74D /* TodayViewController.m */ = {isa = PBXFileReference; fileEncoding = 4; lastKnownFileType = sourcecode.c.objc; path = TodayViewController.m; sourceTree = "<group>"; };
		35A751F0185B91E6009FC74D /* TimeTable.h */ = {isa = PBXFileReference; fileEncoding = 4; lastKnownFileType = sourcecode.c.h; path = TimeTable.h; sourceTree = "<group>"; };
		35A751F1185B91E6009FC74D /* TimeTable.m */ = {isa = PBXFileReference; fileEncoding = 4; lastKnownFileType = sourcecode.c.objc; path = TimeTable.m; sourceTree = "<group>"; };
		35A751F3185B9608009FC74D /* TabViewController.h */ = {isa = PBXFileReference; fileEncoding = 4; lastKnownFileType = sourcecode.c.h; path = TabViewController.h; sourceTree = "<group>"; };
		35A751F4185B9608009FC74D /* TabViewController.m */ = {isa = PBXFileReference; fileEncoding = 4; lastKnownFileType = sourcecode.c.objc; path = TabViewController.m; sourceTree = "<group>"; };
		35BC0D971902EBFD007CE6E4 /* Friend+Operations.h */ = {isa = PBXFileReference; fileEncoding = 4; lastKnownFileType = sourcecode.c.h; path = "Friend+Operations.h"; sourceTree = "<group>"; };
		35BC0D981902EBFD007CE6E4 /* Friend+Operations.m */ = {isa = PBXFileReference; fileEncoding = 4; lastKnownFileType = sourcecode.c.objc; path = "Friend+Operations.m"; sourceTree = "<group>"; };
		35BC0D9A1902FC76007CE6E4 /* Friend.h */ = {isa = PBXFileReference; fileEncoding = 4; lastKnownFileType = sourcecode.c.h; path = Friend.h; sourceTree = "<group>"; };
		35BC0D9B1902FC76007CE6E4 /* Friend.m */ = {isa = PBXFileReference; fileEncoding = 4; lastKnownFileType = sourcecode.c.objc; path = Friend.m; sourceTree = "<group>"; };
		35BC0D9D1902FF40007CE6E4 /* AddFriendViewController.h */ = {isa = PBXFileReference; fileEncoding = 4; lastKnownFileType = sourcecode.c.h; path = AddFriendViewController.h; sourceTree = "<group>"; };
		35BC0D9E1902FF40007CE6E4 /* AddFriendViewController.m */ = {isa = PBXFileReference; fileEncoding = 4; lastKnownFileType = sourcecode.c.objc; path = AddFriendViewController.m; sourceTree = "<group>"; };
		35BC32DB189D950400B2999D /* ShareViewController.h */ = {isa = PBXFileReference; fileEncoding = 4; lastKnownFileType = sourcecode.c.h; path = ShareViewController.h; sourceTree = "<group>"; };
		35BC32DC189D950400B2999D /* ShareViewController.m */ = {isa = PBXFileReference; fileEncoding = 4; lastKnownFileType = sourcecode.c.objc; path = ShareViewController.m; sourceTree = "<group>"; };
		35C1FFEF197A73AA002699DE /* vit-university-map-no-numbers.jpg */ = {isa = PBXFileReference; lastKnownFileType = image.jpeg; path = "vit-university-map-no-numbers.jpg"; sourceTree = "<group>"; };
		35C1FFF1197A742A002699DE /* CampusMapViewController.h */ = {isa = PBXFileReference; fileEncoding = 4; lastKnownFileType = sourcecode.c.h; path = CampusMapViewController.h; sourceTree = "<group>"; };
		35C1FFF2197A742A002699DE /* CampusMapViewController.m */ = {isa = PBXFileReference; fileEncoding = 4; lastKnownFileType = sourcecode.c.objc; path = CampusMapViewController.m; sourceTree = "<group>"; };
		35C9DF2D18DEE39D000E1260 /* Subject+Operations.h */ = {isa = PBXFileReference; fileEncoding = 4; lastKnownFileType = sourcecode.c.h; path = "Subject+Operations.h"; sourceTree = "<group>"; };
		35C9DF2E18DEE39D000E1260 /* Subject+Operations.m */ = {isa = PBXFileReference; fileEncoding = 4; lastKnownFileType = sourcecode.c.objc; path = "Subject+Operations.m"; sourceTree = "<group>"; };
		35C9DF3018DEE672000E1260 /* Attendance+Operations.h */ = {isa = PBXFileReference; fileEncoding = 4; lastKnownFileType = sourcecode.c.h; path = "Attendance+Operations.h"; sourceTree = "<group>"; };
		35C9DF3118DEE672000E1260 /* Attendance+Operations.m */ = {isa = PBXFileReference; fileEncoding = 4; lastKnownFileType = sourcecode.c.objc; path = "Attendance+Operations.m"; sourceTree = "<group>"; };
		35C9DF3318DEED1D000E1260 /* Marks+Operations.h */ = {isa = PBXFileReference; fileEncoding = 4; lastKnownFileType = sourcecode.c.h; path = "Marks+Operations.h"; sourceTree = "<group>"; };
		35C9DF3418DEED1D000E1260 /* Marks+Operations.m */ = {isa = PBXFileReference; fileEncoding = 4; lastKnownFileType = sourcecode.c.objc; path = "Marks+Operations.m"; sourceTree = "<group>"; };
		35D20BE61864FF46001139C9 /* UpcomingClassCell.h */ = {isa = PBXFileReference; fileEncoding = 4; lastKnownFileType = sourcecode.c.h; path = UpcomingClassCell.h; sourceTree = "<group>"; };
		35D20BE71864FF46001139C9 /* UpcomingClassCell.m */ = {isa = PBXFileReference; fileEncoding = 4; lastKnownFileType = sourcecode.c.objc; path = UpcomingClassCell.m; sourceTree = "<group>"; };
		35D20BE91864FF66001139C9 /* UpcomingClassCell.xib */ = {isa = PBXFileReference; fileEncoding = 4; lastKnownFileType = file.xib; path = UpcomingClassCell.xib; sourceTree = "<group>"; };
		35D2181B188FDBF5000E5BEC /* DetailViewController.h */ = {isa = PBXFileReference; fileEncoding = 4; lastKnownFileType = sourcecode.c.h; path = DetailViewController.h; sourceTree = "<group>"; };
		35D2181C188FDBF5000E5BEC /* DetailViewController.m */ = {isa = PBXFileReference; fileEncoding = 4; lastKnownFileType = sourcecode.c.objc; path = DetailViewController.m; sourceTree = "<group>"; };
		35D27A9E18E885B300D56196 /* AppDelegate.h */ = {isa = PBXFileReference; fileEncoding = 4; lastKnownFileType = sourcecode.c.h; path = AppDelegate.h; sourceTree = "<group>"; };
		35D27A9F18E885B300D56196 /* AppDelegate.m */ = {isa = PBXFileReference; fileEncoding = 4; lastKnownFileType = sourcecode.c.objc; path = AppDelegate.m; sourceTree = "<group>"; };
		35D4A317189E51F400F23A28 /* DataController.h */ = {isa = PBXFileReference; fileEncoding = 4; lastKnownFileType = sourcecode.c.h; path = DataController.h; sourceTree = "<group>"; };
		35D4A318189E51F400F23A28 /* DataController.m */ = {isa = PBXFileReference; fileEncoding = 4; lastKnownFileType = sourcecode.c.objc; path = DataController.m; sourceTree = "<group>"; };
		35DD77BB18DBF36D0037333B /* FullTimeTableTableViewController.h */ = {isa = PBXFileReference; fileEncoding = 4; lastKnownFileType = sourcecode.c.h; path = FullTimeTableTableViewController.h; sourceTree = "<group>"; };
		35DD77BC18DBF36D0037333B /* FullTimeTableTableViewController.m */ = {isa = PBXFileReference; fileEncoding = 4; lastKnownFileType = sourcecode.c.objc; path = FullTimeTableTableViewController.m; sourceTree = "<group>"; };
		35DE51EC190BBDA3002199B7 /* bitstream.c */ = {isa = PBXFileReference; fileEncoding = 4; lastKnownFileType = sourcecode.c.c; path = bitstream.c; sourceTree = "<group>"; };
		35DE51ED190BBDA3002199B7 /* bitstream.h */ = {isa = PBXFileReference; fileEncoding = 4; lastKnownFileType = sourcecode.c.h; path = bitstream.h; sourceTree = "<group>"; };
		35DE51EE190BBDA3002199B7 /* mask.c */ = {isa = PBXFileReference; fileEncoding = 4; lastKnownFileType = sourcecode.c.c; path = mask.c; sourceTree = "<group>"; };
		35DE51EF190BBDA3002199B7 /* mask.h */ = {isa = PBXFileReference; fileEncoding = 4; lastKnownFileType = sourcecode.c.h; path = mask.h; sourceTree = "<group>"; };
		35DE51F0190BBDA3002199B7 /* qrencode.c */ = {isa = PBXFileReference; fileEncoding = 4; lastKnownFileType = sourcecode.c.c; path = qrencode.c; sourceTree = "<group>"; };
		35DE51F1190BBDA3002199B7 /* qrencode.h */ = {isa = PBXFileReference; fileEncoding = 4; lastKnownFileType = sourcecode.c.h; path = qrencode.h; sourceTree = "<group>"; };
		35DE51F2190BBDA3002199B7 /* qrinput.c */ = {isa = PBXFileReference; fileEncoding = 4; lastKnownFileType = sourcecode.c.c; path = qrinput.c; sourceTree = "<group>"; };
		35DE51F3190BBDA3002199B7 /* qrinput.h */ = {isa = PBXFileReference; fileEncoding = 4; lastKnownFileType = sourcecode.c.h; path = qrinput.h; sourceTree = "<group>"; };
		35DE51F4190BBDA3002199B7 /* qrspec.c */ = {isa = PBXFileReference; fileEncoding = 4; lastKnownFileType = sourcecode.c.c; path = qrspec.c; sourceTree = "<group>"; };
		35DE51F5190BBDA3002199B7 /* qrspec.h */ = {isa = PBXFileReference; fileEncoding = 4; lastKnownFileType = sourcecode.c.h; path = qrspec.h; sourceTree = "<group>"; };
		35DE51F6190BBDA3002199B7 /* rscode.c */ = {isa = PBXFileReference; fileEncoding = 4; lastKnownFileType = sourcecode.c.c; path = rscode.c; sourceTree = "<group>"; };
		35DE51F7190BBDA3002199B7 /* rscode.h */ = {isa = PBXFileReference; fileEncoding = 4; lastKnownFileType = sourcecode.c.h; path = rscode.h; sourceTree = "<group>"; };
		35DE51F8190BBDA3002199B7 /* split.c */ = {isa = PBXFileReference; fileEncoding = 4; lastKnownFileType = sourcecode.c.c; path = split.c; sourceTree = "<group>"; };
		35DE51F9190BBDA3002199B7 /* split.h */ = {isa = PBXFileReference; fileEncoding = 4; lastKnownFileType = sourcecode.c.h; path = split.h; sourceTree = "<group>"; };
		35DE51FA190BBDA3002199B7 /* UIImage+MDQRCode.h */ = {isa = PBXFileReference; fileEncoding = 4; lastKnownFileType = sourcecode.c.h; path = "UIImage+MDQRCode.h"; sourceTree = "<group>"; };
		35DE51FB190BBDA3002199B7 /* UIImage+MDQRCode.m */ = {isa = PBXFileReference; fileEncoding = 4; lastKnownFileType = sourcecode.c.objc; path = "UIImage+MDQRCode.m"; sourceTree = "<group>"; };
		35E2968F18DBF70A005074EA /* PageContainerTimeTableViewController.h */ = {isa = PBXFileReference; fileEncoding = 4; lastKnownFileType = sourcecode.c.h; path = PageContainerTimeTableViewController.h; sourceTree = "<group>"; };
		35E2969018DBF70A005074EA /* PageContainerTimeTableViewController.m */ = {isa = PBXFileReference; fileEncoding = 4; lastKnownFileType = sourcecode.c.objc; path = PageContainerTimeTableViewController.m; sourceTree = "<group>"; };
		35E36B3918A9B5A0005FBFF1 /* FriendsComingSoonCell.xib */ = {isa = PBXFileReference; fileEncoding = 4; lastKnownFileType = file.xib; path = FriendsComingSoonCell.xib; sourceTree = "<group>"; };
		35EF94B31909151A00854E93 /* FacebookViewController.h */ = {isa = PBXFileReference; fileEncoding = 4; lastKnownFileType = sourcecode.c.h; path = FacebookViewController.h; sourceTree = "<group>"; };
		35EF94B41909151A00854E93 /* FacebookViewController.m */ = {isa = PBXFileReference; fileEncoding = 4; lastKnownFileType = sourcecode.c.objc; path = FacebookViewController.m; sourceTree = "<group>"; };
		35EFF80918EC2381009DCD5E /* Attendance.h */ = {isa = PBXFileReference; fileEncoding = 4; lastKnownFileType = sourcecode.c.h; path = Attendance.h; sourceTree = "<group>"; };
		35EFF80A18EC2381009DCD5E /* Attendance.m */ = {isa = PBXFileReference; fileEncoding = 4; lastKnownFileType = sourcecode.c.objc; path = Attendance.m; sourceTree = "<group>"; };
		35EFF80C18EC2381009DCD5E /* Marks.h */ = {isa = PBXFileReference; fileEncoding = 4; lastKnownFileType = sourcecode.c.h; path = Marks.h; sourceTree = "<group>"; };
		35EFF80D18EC2381009DCD5E /* Marks.m */ = {isa = PBXFileReference; fileEncoding = 4; lastKnownFileType = sourcecode.c.objc; path = Marks.m; sourceTree = "<group>"; };
		35EFF80F18EC2381009DCD5E /* Subject.h */ = {isa = PBXFileReference; fileEncoding = 4; lastKnownFileType = sourcecode.c.h; path = Subject.h; sourceTree = "<group>"; };
		35EFF81018EC2381009DCD5E /* Subject.m */ = {isa = PBXFileReference; fileEncoding = 4; lastKnownFileType = sourcecode.c.objc; path = Subject.m; sourceTree = "<group>"; };
		48D705E98F504EBB9C77839A /* Pods.xcconfig */ = {isa = PBXFileReference; includeInIndex = 1; lastKnownFileType = text.xcconfig; name = Pods.xcconfig; path = Pods/Pods.xcconfig; sourceTree = "<group>"; };
		4E84647C95C14A498AD2419D /* libPods.a */ = {isa = PBXFileReference; explicitFileType = archive.ar; includeInIndex = 0; path = libPods.a; sourceTree = BUILT_PRODUCTS_DIR; };
/* End PBXFileReference section */

/* Begin PBXFrameworksBuildPhase section */
		3518D14E1854583000EFC1AF /* Frameworks */ = {
			isa = PBXFrameworksBuildPhase;
			buildActionMask = 2147483647;
			files = (
				355364C318F4436F001ABBAA /* EventKit.framework in Frameworks */,
				355364C418F4436F001ABBAA /* EventKitUI.framework in Frameworks */,
				359D2CAE18AD0168007565C1 /* MessageUI.framework in Frameworks */,
				3526826118ACAAD80082D518 /* AdSupport.framework in Frameworks */,
				3526825F18ACAACE0082D518 /* CoreData.framework in Frameworks */,
				3526824D18ACA76D0082D518 /* libz.dylib in Frameworks */,
				35A6C8C61979B26B00AF4FE1 /* Parse.framework in Frameworks */,
				3526824B18ACA7660082D518 /* libsqlite3.0.dylib in Frameworks */,
				3518D1591854583000EFC1AF /* UIKit.framework in Frameworks */,
				3518D1551854583000EFC1AF /* Foundation.framework in Frameworks */,
				35470D6218ACA6F5004546DB /* CoreTelephony.framework in Frameworks */,
				35470D6018ACA6EC004546DB /* CoreText.framework in Frameworks */,
				3518D1C81854F85800EFC1AF /* SystemConfiguration.framework in Frameworks */,
				3565457F198954E50028D535 /* libGoogleAnalyticsServices.a in Frameworks */,
				3518D1C41854F85000EFC1AF /* Security.framework in Frameworks */,
				3518D1C21854F84900EFC1AF /* QuartzCore.framework in Frameworks */,
				3518D1C01854F84500EFC1AF /* MobileCoreServices.framework in Frameworks */,
				3518D1BE1854F83D00EFC1AF /* libz.1.1.3.dylib in Frameworks */,
				3518D1BC1854F83400EFC1AF /* CoreLocation.framework in Frameworks */,
				3518D1571854583000EFC1AF /* CoreGraphics.framework in Frameworks */,
				3518D1BA1854F82800EFC1AF /* CFNetwork.framework in Frameworks */,
				3518D1B81854F82200EFC1AF /* AudioToolbox.framework in Frameworks */,
				350CD8AF19238B04005D10E5 /* FacebookSDK.framework in Frameworks */,
				3510174F18661DC7005F4101 /* StoreKit.framework in Frameworks */,
				F05DA906B6EC44E6B2253C4C /* libPods.a in Frameworks */,
			);
			runOnlyForDeploymentPostprocessing = 0;
		};
		3518D1721854583000EFC1AF /* Frameworks */ = {
			isa = PBXFrameworksBuildPhase;
			buildActionMask = 2147483647;
			files = (
				3518D1771854583000EFC1AF /* XCTest.framework in Frameworks */,
				3518D1791854583000EFC1AF /* UIKit.framework in Frameworks */,
				3518D1781854583000EFC1AF /* Foundation.framework in Frameworks */,
			);
			runOnlyForDeploymentPostprocessing = 0;
		};
/* End PBXFrameworksBuildPhase section */

/* Begin PBXGroup section */
		35128E7F18683C6000DBC06D /* User Interface */ = {
			isa = PBXGroup;
			children = (
				3518D1661854583000EFC1AF /* Main_iPhone.storyboard */,
				35C1FFF1197A742A002699DE /* CampusMapViewController.h */,
				35C1FFF2197A742A002699DE /* CampusMapViewController.m */,
				3518D1691854583000EFC1AF /* Main_iPad.storyboard */,
				351B91E21904655A005170E0 /* FriendsTableViewCell.h */,
				351B91E31904655A005170E0 /* FriendsTableViewCell.m */,
				351B91E41904655A005170E0 /* FriendsTableViewCell.xib */,
				359C60BC185CD25000FB36B2 /* CurrentClassTableViewCell.h */,
				359C60BD185CD25000FB36B2 /* CurrentClassTableViewCell.m */,
				359C60BF185CD27200FB36B2 /* CurrentClassTableViewCell.xib */,
				35D20BE61864FF46001139C9 /* UpcomingClassCell.h */,
				35E36B3918A9B5A0005FBFF1 /* FriendsComingSoonCell.xib */,
				35D20BE71864FF46001139C9 /* UpcomingClassCell.m */,
				357228E118F57C100057771F /* NotificationCell.xib */,
				357228E318F57CA40057771F /* NotificationCell.h */,
				357228E418F57CA40057771F /* NotificationCell.m */,
				35D20BE91864FF66001139C9 /* UpcomingClassCell.xib */,
				35128E80186844E500DBC06D /* NoClassRightNow.xib */,
				355F9629188D1BBB00BB0945 /* iPhoneTableViewCell.h */,
				355F962A188D1BBB00BB0945 /* iPhoneTableViewCell.m */,
				355F962B188D1BBB00BB0945 /* iPhoneCellNib.xib */,
			);
			name = "User Interface";
			sourceTree = "<group>";
		};
		3518D1481854583000EFC1AF = {
			isa = PBXGroup;
			children = (
				35961C5C18A113FE009F09C8 /* Default-568h@2x.png */,
				3518D15A1854583000EFC1AF /* VITacademics */,
				3518D17C1854583000EFC1AF /* VITacademicsTests */,
				3518D1531854583000EFC1AF /* Frameworks */,
				3518D1521854583000EFC1AF /* Products */,
				48D705E98F504EBB9C77839A /* Pods.xcconfig */,
			);
			sourceTree = "<group>";
		};
		3518D1521854583000EFC1AF /* Products */ = {
			isa = PBXGroup;
			children = (
				3518D1511854583000EFC1AF /* VITacademics.app */,
				3518D1751854583000EFC1AF /* VITacademicsTests.xctest */,
			);
			name = Products;
			sourceTree = "<group>";
		};
		3518D1531854583000EFC1AF /* Frameworks */ = {
			isa = PBXGroup;
			children = (
				3565457E198954E50028D535 /* libGoogleAnalyticsServices.a */,
				35A6C8C51979B26B00AF4FE1 /* Parse.framework */,
				355364C118F44346001ABBAA /* EventKitUI.framework */,
				355364BF18F4433C001ABBAA /* EventKit.framework */,
				3584E3EF18CDE3530004CF20 /* Pigeon.bundle */,
				3584E3F018CDE3530004CF20 /* Pigeon.h */,
				3584E3F118CDE3530004CF20 /* Pigeon.m */,
				359D2CAD18AD0168007565C1 /* MessageUI.framework */,
				3526826018ACAAD80082D518 /* AdSupport.framework */,
				3526825E18ACAACE0082D518 /* CoreData.framework */,
				3562D5F518ACFE1600C1146D /* Analytics */,
				3526824C18ACA76D0082D518 /* libz.dylib */,
				3526824A18ACA7660082D518 /* libsqlite3.0.dylib */,
				350CD8AE19238B04005D10E5 /* FacebookSDK.framework */,
				35470D6118ACA6F5004546DB /* CoreTelephony.framework */,
				35470D5F18ACA6EC004546DB /* CoreText.framework */,
				3510174E18661DC7005F4101 /* StoreKit.framework */,
				3518D1C71854F85800EFC1AF /* SystemConfiguration.framework */,
				3518D1C31854F85000EFC1AF /* Security.framework */,
				3518D1C11854F84900EFC1AF /* QuartzCore.framework */,
				3518D1BF1854F84500EFC1AF /* MobileCoreServices.framework */,
				3518D1BD1854F83D00EFC1AF /* libz.1.1.3.dylib */,
				3518D1BB1854F83400EFC1AF /* CoreLocation.framework */,
				3518D1B91854F82800EFC1AF /* CFNetwork.framework */,
				3518D1B71854F82200EFC1AF /* AudioToolbox.framework */,
				3518D1541854583000EFC1AF /* Foundation.framework */,
				3518D1561854583000EFC1AF /* CoreGraphics.framework */,
				3518D1581854583000EFC1AF /* UIKit.framework */,
				3518D1761854583000EFC1AF /* XCTest.framework */,
				4E84647C95C14A498AD2419D /* libPods.a */,
			);
			name = Frameworks;
			sourceTree = "<group>";
		};
		3518D15A1854583000EFC1AF /* VITacademics */ = {
			isa = PBXGroup;
			children = (
				35A99EFC18DD54050060141E /* TimeTableUI */,
				35B8193918DE7159003FBB72 /* Attendance */,
				35B8193818DE713D003FBB72 /* Root */,
				35B8193A18DE7172003FBB72 /* Tabs */,
				35B954F5188C11BD00389DA6 /* Model */,
				35128E7F18683C6000DBC06D /* User Interface */,
				35A751F6185B9BEA009FC74D /* Tutorial */,
				35A751F7185B9BF6009FC74D /* APIs */,
				3518D16F1854583000EFC1AF /* Images.xcassets */,
				3518D15B1854583000EFC1AF /* Supporting Files */,
			);
			path = VITacademics;
			sourceTree = "<group>";
		};
		3518D15B1854583000EFC1AF /* Supporting Files */ = {
			isa = PBXGroup;
			children = (
				359B1C281980369500991869 /* full__0000s_0047_more.png */,
				35C1FFEF197A73AA002699DE /* vit-university-map-no-numbers.jpg */,
				35DE51EA190BBDA3002199B7 /* QR */,
				35167C9618DE014800B81229 /* 13-target.png */,
				35167C9818DE020500B81229 /* 83-calendar.png */,
				35A6547818BA89DA00095B72 /* Icons LI */,
				3518D19A1854633100EFC1AF /* Fonts */,
				3518D15C1854583000EFC1AF /* VITacademics-Info.plist */,
				3518D15D1854583000EFC1AF /* InfoPlist.strings */,
				3518D1601854583000EFC1AF /* main.m */,
				3518D1621854583000EFC1AF /* VITacademics-Prefix.pch */,
				3559BCD818F7DCCC00D80CA2 /* MWKProgressIndicator.h */,
				3559BCD918F7DCCC00D80CA2 /* MWKProgressIndicator.m */,
			);
			name = "Supporting Files";
			sourceTree = "<group>";
		};
		3518D17C1854583000EFC1AF /* VITacademicsTests */ = {
			isa = PBXGroup;
			children = (
				3518D1821854583000EFC1AF /* VITacademicsTests.m */,
				3518D17D1854583000EFC1AF /* Supporting Files */,
			);
			path = VITacademicsTests;
			sourceTree = "<group>";
		};
		3518D17D1854583000EFC1AF /* Supporting Files */ = {
			isa = PBXGroup;
			children = (
				3518D17E1854583000EFC1AF /* VITacademicsTests-Info.plist */,
				3518D17F1854583000EFC1AF /* InfoPlist.strings */,
			);
			name = "Supporting Files";
			sourceTree = "<group>";
		};
		3518D19A1854633100EFC1AF /* Fonts */ = {
			isa = PBXGroup;
			children = (
				3518D19B1854633B00EFC1AF /* MuseoSans_500_Italic.otf */,
				3518D19C1854633B00EFC1AF /* MuseoSans_500.otf */,
				3518D19D1854633B00EFC1AF /* MuseoSans_700.otf */,
				3518D19E1854633B00EFC1AF /* MuseoSans_900.otf */,
				3518D19F1854633B00EFC1AF /* MuseoSans-100.otf */,
				3518D1A01854633B00EFC1AF /* MuseoSans-100Italic.otf */,
				3518D1A11854633B00EFC1AF /* MuseoSans-300.otf */,
				3518D1A21854633B00EFC1AF /* MuseoSans-300Italic.otf */,
				3518D1A31854633B00EFC1AF /* MuseoSans-700Italic.otf */,
				3518D1A41854633B00EFC1AF /* MuseoSans-900Italic.otf */,
			);
			name = Fonts;
			sourceTree = "<group>";
		};
		3562D5F518ACFE1600C1146D /* Analytics */ = {
			isa = PBXGroup;
			children = (
				35654580198955120028D535 /* GAI.h */,
				35654581198955120028D535 /* GAIDictionaryBuilder.h */,
				35654582198955120028D535 /* GAIFields.h */,
				35654583198955120028D535 /* GAILogger.h */,
				35654584198955120028D535 /* GAITrackedViewController.h */,
				35654585198955120028D535 /* GAITracker.h */,
			);
			name = Analytics;
			sourceTree = "<group>";
		};
		35A6547818BA89DA00095B72 /* Icons LI */ = {
			isa = PBXGroup;
			children = (
				35A32CB518A4B3DF00898607 /* captchaError.png */,
				354B0B2718AE0719003D403B /* 1536x2048.png */,
				354B0B2818AE0719003D403B /* 768x1024.png */,
				354B0B2918AE0719003D403B /* 40.png */,
				354B0B2A18AE0719003D403B /* 76.png */,
				354B0B2B18AE0719003D403B /* 152.png */,
				3595264418A400F400A4767B /* loadingImage.png */,
				35961C5E18A14E71009F09C8 /* 58.png */,
				35961C5F18A14E71009F09C8 /* 80.png */,
				35961C6018A14E71009F09C8 /* 120.png */,
				35961C6118A14E71009F09C8 /* 960x640.png */,
				35961C6218A14E71009F09C8 /* 1136x640.png */,
			);
			name = "Icons LI";
			sourceTree = "<group>";
		};
		35A751F6185B9BEA009FC74D /* Tutorial */ = {
			isa = PBXGroup;
			children = (
				3518D19718545FE500EFC1AF /* InitView.h */,
				3518D19818545FE500EFC1AF /* InitView.m */,
				3518D1B21854CF7600EFC1AF /* StepsViewController.h */,
				3518D1B31854CF7600EFC1AF /* StepsViewController.m */,
				35204C5718586CC20005319B /* SettingsViewController.h */,
				35204C5818586CC20005319B /* SettingsViewController.m */,
			);
			name = Tutorial;
			sourceTree = "<group>";
		};
		35A751F7185B9BF6009FC74D /* APIs */ = {
			isa = PBXGroup;
			children = (
				356802AB1859118E00C41D69 /* VITxAPI.h */,
				356802AC1859118E00C41D69 /* VITxAPI.m */,
				35A751F0185B91E6009FC74D /* TimeTable.h */,
				35A751F1185B91E6009FC74D /* TimeTable.m */,
				3504D004190D76310016DF61 /* OLDTimeTable.h */,
				3504D005190D76310016DF61 /* OLDTimeTable.m */,
			);
			name = APIs;
			sourceTree = "<group>";
		};
		35A99EFC18DD54050060141E /* TimeTableUI */ = {
			isa = PBXGroup;
			children = (
				35E2968F18DBF70A005074EA /* PageContainerTimeTableViewController.h */,
				35E2969018DBF70A005074EA /* PageContainerTimeTableViewController.m */,
				35DD77BB18DBF36D0037333B /* FullTimeTableTableViewController.h */,
				35DD77BC18DBF36D0037333B /* FullTimeTableTableViewController.m */,
			);
			name = TimeTableUI;
			sourceTree = "<group>";
		};
		35B8193818DE713D003FBB72 /* Root */ = {
			isa = PBXGroup;
			children = (
				35D27A9E18E885B300D56196 /* AppDelegate.h */,
				35D27A9F18E885B300D56196 /* AppDelegate.m */,
				35A751F3185B9608009FC74D /* TabViewController.h */,
				35A751F4185B9608009FC74D /* TabViewController.m */,
				35D4A317189E51F400F23A28 /* DataController.h */,
				35D4A318189E51F400F23A28 /* DataController.m */,
				35A51AAE192C003A00968389 /* PurchaseViewController.h */,
				35A51AAF192C003A00968389 /* PurchaseViewController.m */,
			);
			name = Root;
			sourceTree = "<group>";
		};
		35B8193918DE7159003FBB72 /* Attendance */ = {
			isa = PBXGroup;
			children = (
				35A6A2BE18C4A956004BC6C5 /* RootForPageViewController.h */,
				35A6A2BF18C4A956004BC6C5 /* RootForPageViewController.m */,
				355F962E188D1E8700BB0945 /* AttendanceViewController.h */,
				355F962F188D1E8700BB0945 /* AttendanceViewController.m */,
				35D2181B188FDBF5000E5BEC /* DetailViewController.h */,
				35D2181C188FDBF5000E5BEC /* DetailViewController.m */,
				3518E96A189B9981001F32A8 /* CaptchaViewController.h */,
				3518E96B189B9981001F32A8 /* CaptchaViewController.m */,
				3518E96D189B9F56001F32A8 /* SubjectDetailsViewController.h */,
				3518E96E189B9F56001F32A8 /* SubjectDetailsViewController.m */,
				35157EB718C6F78500C51FA3 /* MarksViewController.h */,
				35157EB818C6F78500C51FA3 /* MarksViewController.m */,
			);
			name = Attendance;
			sourceTree = "<group>";
		};
		35B8193A18DE7172003FBB72 /* Tabs */ = {
			isa = PBXGroup;
			children = (
				35A751ED185B90AF009FC74D /* TodayViewController.h */,
				35A751EE185B90AF009FC74D /* TodayViewController.m */,
				357228E618F57D0C0057771F /* NotificationViewController.h */,
				357228E718F57D0C0057771F /* NotificationViewController.m */,
				359EDB98185DBA1600D14248 /* FriendsViewController.h */,
				359EDB99185DBA1600D14248 /* FriendsViewController.m */,
				35155D7F18781A8100513E05 /* SettingsTabViewController.h */,
				35155D8018781A8100513E05 /* SettingsTabViewController.m */,
				35BC32DB189D950400B2999D /* ShareViewController.h */,
				35BC32DC189D950400B2999D /* ShareViewController.m */,
				35BC0D9D1902FF40007CE6E4 /* AddFriendViewController.h */,
				35BC0D9E1902FF40007CE6E4 /* AddFriendViewController.m */,
				35EF94B31909151A00854E93 /* FacebookViewController.h */,
				35EF94B41909151A00854E93 /* FacebookViewController.m */,
			);
			name = Tabs;
			sourceTree = "<group>";
		};
		35B954F5188C11BD00389DA6 /* Model */ = {
			isa = PBXGroup;
			children = (
				351674C618DF2BD8002AC961 /* VITacademics.xcdatamodeld */,
				35BC0D9A1902FC76007CE6E4 /* Friend.h */,
				35BC0D9B1902FC76007CE6E4 /* Friend.m */,
				35EFF80918EC2381009DCD5E /* Attendance.h */,
				35EFF80A18EC2381009DCD5E /* Attendance.m */,
				35EFF80F18EC2381009DCD5E /* Subject.h */,
				35EFF81018EC2381009DCD5E /* Subject.m */,
				35EFF80C18EC2381009DCD5E /* Marks.h */,
				35EFF80D18EC2381009DCD5E /* Marks.m */,
				35BC0D971902EBFD007CE6E4 /* Friend+Operations.h */,
				35BC0D981902EBFD007CE6E4 /* Friend+Operations.m */,
				35C9DF2D18DEE39D000E1260 /* Subject+Operations.h */,
				35C9DF2E18DEE39D000E1260 /* Subject+Operations.m */,
				35C9DF3018DEE672000E1260 /* Attendance+Operations.h */,
				35C9DF3118DEE672000E1260 /* Attendance+Operations.m */,
				35C9DF3318DEED1D000E1260 /* Marks+Operations.h */,
				35C9DF3418DEED1D000E1260 /* Marks+Operations.m */,
			);
			name = Model;
			sourceTree = "<group>";
		};
		35DE51EA190BBDA3002199B7 /* QR */ = {
			isa = PBXGroup;
			children = (
				35DE51EB190BBDA3002199B7 /* libqrencode */,
				35DE51FA190BBDA3002199B7 /* UIImage+MDQRCode.h */,
				35DE51FB190BBDA3002199B7 /* UIImage+MDQRCode.m */,
			);
			path = QR;
			sourceTree = "<group>";
		};
		35DE51EB190BBDA3002199B7 /* libqrencode */ = {
			isa = PBXGroup;
			children = (
				35DE51EC190BBDA3002199B7 /* bitstream.c */,
				35DE51ED190BBDA3002199B7 /* bitstream.h */,
				35DE51EE190BBDA3002199B7 /* mask.c */,
				35DE51EF190BBDA3002199B7 /* mask.h */,
				35DE51F0190BBDA3002199B7 /* qrencode.c */,
				35DE51F1190BBDA3002199B7 /* qrencode.h */,
				35DE51F2190BBDA3002199B7 /* qrinput.c */,
				35DE51F3190BBDA3002199B7 /* qrinput.h */,
				35DE51F4190BBDA3002199B7 /* qrspec.c */,
				35DE51F5190BBDA3002199B7 /* qrspec.h */,
				35DE51F6190BBDA3002199B7 /* rscode.c */,
				35DE51F7190BBDA3002199B7 /* rscode.h */,
				35DE51F8190BBDA3002199B7 /* split.c */,
				35DE51F9190BBDA3002199B7 /* split.h */,
			);
			path = libqrencode;
			sourceTree = "<group>";
		};
/* End PBXGroup section */

/* Begin PBXNativeTarget section */
		3518D1501854583000EFC1AF /* VITacademics */ = {
			isa = PBXNativeTarget;
			buildConfigurationList = 3518D1861854583000EFC1AF /* Build configuration list for PBXNativeTarget "VITacademics" */;
			buildPhases = (
				83586868A9054D18BF1B9449 /* Check Pods Manifest.lock */,
				3518D14D1854583000EFC1AF /* Sources */,
				3518D14E1854583000EFC1AF /* Frameworks */,
				3518D14F1854583000EFC1AF /* Resources */,
				6B2164B77AAB4AB7AB9988BD /* Copy Pods Resources */,
			);
			buildRules = (
			);
			dependencies = (
			);
			name = VITacademics;
			productName = VITacademics;
			productReference = 3518D1511854583000EFC1AF /* VITacademics.app */;
			productType = "com.apple.product-type.application";
		};
		3518D1741854583000EFC1AF /* VITacademicsTests */ = {
			isa = PBXNativeTarget;
			buildConfigurationList = 3518D1891854583000EFC1AF /* Build configuration list for PBXNativeTarget "VITacademicsTests" */;
			buildPhases = (
				3518D1711854583000EFC1AF /* Sources */,
				3518D1721854583000EFC1AF /* Frameworks */,
				3518D1731854583000EFC1AF /* Resources */,
			);
			buildRules = (
			);
			dependencies = (
				3518D17B1854583000EFC1AF /* PBXTargetDependency */,
			);
			name = VITacademicsTests;
			productName = VITacademicsTests;
			productReference = 3518D1751854583000EFC1AF /* VITacademicsTests.xctest */;
			productType = "com.apple.product-type.bundle.unit-test";
		};
/* End PBXNativeTarget section */

/* Begin PBXProject section */
		3518D1491854583000EFC1AF /* Project object */ = {
			isa = PBXProject;
			attributes = {
				LastUpgradeCheck = 0510;
				ORGANIZATIONNAME = "Siddharth Gupta";
				TargetAttributes = {
					3518D1501854583000EFC1AF = {
						DevelopmentTeam = GC4Z88CPZF;
						SystemCapabilities = {
							com.apple.InAppPurchase = {
								enabled = 1;
							};
						};
					};
					3518D1741854583000EFC1AF = {
						TestTargetID = 3518D1501854583000EFC1AF;
					};
				};
			};
			buildConfigurationList = 3518D14C1854583000EFC1AF /* Build configuration list for PBXProject "VITacademics" */;
			compatibilityVersion = "Xcode 3.2";
			developmentRegion = English;
			hasScannedForEncodings = 0;
			knownRegions = (
				en,
				Base,
				de,
				es,
				fr,
				it,
				ja,
				ko,
				pt,
				ru,
				tr,
				"zh-Hans",
			);
			mainGroup = 3518D1481854583000EFC1AF;
			productRefGroup = 3518D1521854583000EFC1AF /* Products */;
			projectDirPath = "";
			projectRoot = "";
			targets = (
				3518D1501854583000EFC1AF /* VITacademics */,
				3518D1741854583000EFC1AF /* VITacademicsTests */,
			);
		};
/* End PBXProject section */

/* Begin PBXResourcesBuildPhase section */
		3518D14F1854583000EFC1AF /* Resources */ = {
			isa = PBXResourcesBuildPhase;
			buildActionMask = 2147483647;
			files = (
				3584E3F218CDE3530004CF20 /* Pigeon.bundle in Resources */,
				3518D1AB1854633B00EFC1AF /* MuseoSans-300.otf in Resources */,
				35961C6318A14E71009F09C8 /* 58.png in Resources */,
				3518D1AA1854633B00EFC1AF /* MuseoSans-100Italic.otf in Resources */,
				355F962D188D1BBB00BB0945 /* iPhoneCellNib.xib in Resources */,
				3518D1AC1854633B00EFC1AF /* MuseoSans-300Italic.otf in Resources */,
				354B0B2E18AE0719003D403B /* 40.png in Resources */,
				354B0B2F18AE0719003D403B /* 76.png in Resources */,
				354B0B2D18AE0719003D403B /* 768x1024.png in Resources */,
				3518D1A61854633B00EFC1AF /* MuseoSans_500.otf in Resources */,
				35961C5D18A113FE009F09C8 /* Default-568h@2x.png in Resources */,
				35167C9918DE020500B81229 /* 83-calendar.png in Resources */,
				35A32CB618A4B3DF00898607 /* captchaError.png in Resources */,
				35E36B3A18A9B5A0005FBFF1 /* FriendsComingSoonCell.xib in Resources */,
				35961C6418A14E71009F09C8 /* 80.png in Resources */,
				354B0B2C18AE0719003D403B /* 1536x2048.png in Resources */,
				3518D1AD1854633B00EFC1AF /* MuseoSans-700Italic.otf in Resources */,
				3595264518A400F400A4767B /* loadingImage.png in Resources */,
				359C60C0185CD27200FB36B2 /* CurrentClassTableViewCell.xib in Resources */,
				354B0B3018AE0719003D403B /* 152.png in Resources */,
				357228E218F57C100057771F /* NotificationCell.xib in Resources */,
				35961C6718A14E71009F09C8 /* 1136x640.png in Resources */,
				3518D16B1854583000EFC1AF /* Main_iPad.storyboard in Resources */,
				35128E81186844E500DBC06D /* NoClassRightNow.xib in Resources */,
				35961C6518A14E71009F09C8 /* 120.png in Resources */,
				3518D1AE1854633B00EFC1AF /* MuseoSans-900Italic.otf in Resources */,
				35C1FFF0197A73AA002699DE /* vit-university-map-no-numbers.jpg in Resources */,
				3518D1A51854633B00EFC1AF /* MuseoSans_500_Italic.otf in Resources */,
				3518D1701854583000EFC1AF /* Images.xcassets in Resources */,
				351B91E61904655A005170E0 /* FriendsTableViewCell.xib in Resources */,
				35167C9718DE014800B81229 /* 13-target.png in Resources */,
				3518D1681854583000EFC1AF /* Main_iPhone.storyboard in Resources */,
				3518D15F1854583000EFC1AF /* InfoPlist.strings in Resources */,
				3518D1A81854633B00EFC1AF /* MuseoSans_900.otf in Resources */,
				3518D1A71854633B00EFC1AF /* MuseoSans_700.otf in Resources */,
				35D20BEA1864FF66001139C9 /* UpcomingClassCell.xib in Resources */,
				3518D1A91854633B00EFC1AF /* MuseoSans-100.otf in Resources */,
				35961C6618A14E71009F09C8 /* 960x640.png in Resources */,
				359B1C291980369500991869 /* full__0000s_0047_more.png in Resources */,
			);
			runOnlyForDeploymentPostprocessing = 0;
		};
		3518D1731854583000EFC1AF /* Resources */ = {
			isa = PBXResourcesBuildPhase;
			buildActionMask = 2147483647;
			files = (
				3518D1811854583000EFC1AF /* InfoPlist.strings in Resources */,
			);
			runOnlyForDeploymentPostprocessing = 0;
		};
/* End PBXResourcesBuildPhase section */

/* Begin PBXShellScriptBuildPhase section */
		6B2164B77AAB4AB7AB9988BD /* Copy Pods Resources */ = {
			isa = PBXShellScriptBuildPhase;
			buildActionMask = 2147483647;
			files = (
			);
			inputPaths = (
			);
			name = "Copy Pods Resources";
			outputPaths = (
			);
			runOnlyForDeploymentPostprocessing = 0;
			shellPath = /bin/sh;
			shellScript = "\"${SRCROOT}/Pods/Pods-resources.sh\"\n";
			showEnvVarsInLog = 0;
		};
		83586868A9054D18BF1B9449 /* Check Pods Manifest.lock */ = {
			isa = PBXShellScriptBuildPhase;
			buildActionMask = 2147483647;
			files = (
			);
			inputPaths = (
			);
			name = "Check Pods Manifest.lock";
			outputPaths = (
			);
			runOnlyForDeploymentPostprocessing = 0;
			shellPath = /bin/sh;
			shellScript = "diff \"${PODS_ROOT}/../Podfile.lock\" \"${PODS_ROOT}/Manifest.lock\" > /dev/null\nif [[ $? != 0 ]] ; then\n    cat << EOM\nerror: The sandbox is not in sync with the Podfile.lock. Run 'pod install' or update your CocoaPods installation.\nEOM\n    exit 1\nfi\n";
			showEnvVarsInLog = 0;
		};
/* End PBXShellScriptBuildPhase section */

/* Begin PBXSourcesBuildPhase section */
		3518D14D1854583000EFC1AF /* Sources */ = {
			isa = PBXSourcesBuildPhase;
			buildActionMask = 2147483647;
			files = (
				35EFF80E18EC2381009DCD5E /* Marks.m in Sources */,
				35A751EF185B90AF009FC74D /* TodayViewController.m in Sources */,
				35155D8118781A8100513E05 /* SettingsTabViewController.m in Sources */,
				35DD77BD18DBF36D0037333B /* FullTimeTableTableViewController.m in Sources */,
				35D27AA018E885B300D56196 /* AppDelegate.m in Sources */,
				3518E96F189B9F56001F32A8 /* SubjectDetailsViewController.m in Sources */,
				35DE51FC190BBDA3002199B7 /* bitstream.c in Sources */,
				35BC0D9F1902FF40007CE6E4 /* AddFriendViewController.m in Sources */,
				35BC32DD189D950400B2999D /* ShareViewController.m in Sources */,
				35DE51FF190BBDA3002199B7 /* qrinput.c in Sources */,
				3518D1611854583000EFC1AF /* main.m in Sources */,
				3504D006190D76310016DF61 /* OLDTimeTable.m in Sources */,
				35C9DF3218DEE672000E1260 /* Attendance+Operations.m in Sources */,
				35A751F5185B9608009FC74D /* TabViewController.m in Sources */,
				35BC0D991902EBFD007CE6E4 /* Friend+Operations.m in Sources */,
				35BC0D9C1902FC76007CE6E4 /* Friend.m in Sources */,
				3559BCDA18F7DCCC00D80CA2 /* MWKProgressIndicator.m in Sources */,
				3518E96C189B9981001F32A8 /* CaptchaViewController.m in Sources */,
				35A6A2C018C4A956004BC6C5 /* RootForPageViewController.m in Sources */,
				35A751F2185B91E6009FC74D /* TimeTable.m in Sources */,
				35D4A319189E51F400F23A28 /* DataController.m in Sources */,
				35204C5918586CC20005319B /* SettingsViewController.m in Sources */,
				3584E3F318CDE3530004CF20 /* Pigeon.m in Sources */,
				35157EB918C6F78500C51FA3 /* MarksViewController.m in Sources */,
				35C9DF2F18DEE39D000E1260 /* Subject+Operations.m in Sources */,
				35C1FFF3197A742A002699DE /* CampusMapViewController.m in Sources */,
				35DE5203190BBDA3002199B7 /* UIImage+MDQRCode.m in Sources */,
				35D20BE81864FF46001139C9 /* UpcomingClassCell.m in Sources */,
				35DE5201190BBDA3002199B7 /* rscode.c in Sources */,
				357228E818F57D0C0057771F /* NotificationViewController.m in Sources */,
				351B91E51904655A005170E0 /* FriendsTableViewCell.m in Sources */,
				351674C818DF2BD8002AC961 /* VITacademics.xcdatamodeld in Sources */,
				35DE5200190BBDA3002199B7 /* qrspec.c in Sources */,
				35DE5202190BBDA3002199B7 /* split.c in Sources */,
				35EFF81118EC2381009DCD5E /* Subject.m in Sources */,
				355F9630188D1E8700BB0945 /* AttendanceViewController.m in Sources */,
				35EF94B51909151A00854E93 /* FacebookViewController.m in Sources */,
				35D2181D188FDBF5000E5BEC /* DetailViewController.m in Sources */,
				35A51AB0192C003A00968389 /* PurchaseViewController.m in Sources */,
				359EDB9A185DBA1600D14248 /* FriendsViewController.m in Sources */,
				35DE51FE190BBDA3002199B7 /* qrencode.c in Sources */,
				355F962C188D1BBB00BB0945 /* iPhoneTableViewCell.m in Sources */,
				35C9DF3518DEED1D000E1260 /* Marks+Operations.m in Sources */,
				3518D1B41854CF7600EFC1AF /* StepsViewController.m in Sources */,
				356802AD1859118E00C41D69 /* VITxAPI.m in Sources */,
				357228E518F57CA40057771F /* NotificationCell.m in Sources */,
				359C60BE185CD25000FB36B2 /* CurrentClassTableViewCell.m in Sources */,
				3518D19918545FE500EFC1AF /* InitView.m in Sources */,
				35DE51FD190BBDA3002199B7 /* mask.c in Sources */,
				35EFF80B18EC2381009DCD5E /* Attendance.m in Sources */,
				35E2969118DBF70A005074EA /* PageContainerTimeTableViewController.m in Sources */,
			);
			runOnlyForDeploymentPostprocessing = 0;
		};
		3518D1711854583000EFC1AF /* Sources */ = {
			isa = PBXSourcesBuildPhase;
			buildActionMask = 2147483647;
			files = (
				3518D1831854583000EFC1AF /* VITacademicsTests.m in Sources */,
				35A6A2C118C4A956004BC6C5 /* RootForPageViewController.m in Sources */,
				35DD77BE18DBF36D0037333B /* FullTimeTableTableViewController.m in Sources */,
			);
			runOnlyForDeploymentPostprocessing = 0;
		};
/* End PBXSourcesBuildPhase section */

/* Begin PBXTargetDependency section */
		3518D17B1854583000EFC1AF /* PBXTargetDependency */ = {
			isa = PBXTargetDependency;
			target = 3518D1501854583000EFC1AF /* VITacademics */;
			targetProxy = 3518D17A1854583000EFC1AF /* PBXContainerItemProxy */;
		};
/* End PBXTargetDependency section */

/* Begin PBXVariantGroup section */
		3518D15D1854583000EFC1AF /* InfoPlist.strings */ = {
			isa = PBXVariantGroup;
			children = (
				3518D15E1854583000EFC1AF /* en */,
			);
			name = InfoPlist.strings;
			sourceTree = "<group>";
		};
		3518D1661854583000EFC1AF /* Main_iPhone.storyboard */ = {
			isa = PBXVariantGroup;
			children = (
				3518D1671854583000EFC1AF /* Base */,
			);
			name = Main_iPhone.storyboard;
			sourceTree = "<group>";
		};
		3518D1691854583000EFC1AF /* Main_iPad.storyboard */ = {
			isa = PBXVariantGroup;
			children = (
				3518D16A1854583000EFC1AF /* Base */,
			);
			name = Main_iPad.storyboard;
			sourceTree = "<group>";
		};
		3518D17F1854583000EFC1AF /* InfoPlist.strings */ = {
			isa = PBXVariantGroup;
			children = (
				3518D1801854583000EFC1AF /* en */,
			);
			name = InfoPlist.strings;
			sourceTree = "<group>";
		};
/* End PBXVariantGroup section */

/* Begin XCBuildConfiguration section */
		3518D1841854583000EFC1AF /* Debug */ = {
			isa = XCBuildConfiguration;
			buildSettings = {
				ALWAYS_SEARCH_USER_PATHS = NO;
				CLANG_CXX_LANGUAGE_STANDARD = "gnu++0x";
				CLANG_CXX_LIBRARY = "libc++";
				CLANG_ENABLE_MODULES = YES;
				CLANG_ENABLE_OBJC_ARC = YES;
				CLANG_WARN_BOOL_CONVERSION = YES;
				CLANG_WARN_CONSTANT_CONVERSION = NO;
				CLANG_WARN_DIRECT_OBJC_ISA_USAGE = YES_ERROR;
				CLANG_WARN_EMPTY_BODY = YES;
				CLANG_WARN_ENUM_CONVERSION = NO;
				CLANG_WARN_INT_CONVERSION = NO;
				CLANG_WARN_OBJC_ROOT_CLASS = YES_ERROR;
				CLANG_WARN__DUPLICATE_METHOD_MATCH = YES;
				"CODE_SIGN_IDENTITY[sdk=iphoneos*]" = "iPhone Developer";
				COPY_PHASE_STRIP = NO;
				GCC_C_LANGUAGE_STANDARD = gnu99;
				GCC_DYNAMIC_NO_PIC = NO;
				GCC_OPTIMIZATION_LEVEL = 0;
				GCC_PREPROCESSOR_DEFINITIONS = (
					"DEBUG=1",
					"$(inherited)",
				);
				GCC_SYMBOLS_PRIVATE_EXTERN = NO;
				GCC_WARN_64_TO_32_BIT_CONVERSION = NO;
				GCC_WARN_ABOUT_RETURN_TYPE = YES_ERROR;
				GCC_WARN_UNDECLARED_SELECTOR = YES;
				GCC_WARN_UNINITIALIZED_AUTOS = YES;
				GCC_WARN_UNUSED_FUNCTION = YES;
				GCC_WARN_UNUSED_VARIABLE = YES;
				IPHONEOS_DEPLOYMENT_TARGET = 7.0;
				ONLY_ACTIVE_ARCH = YES;
				SDKROOT = iphoneos;
				TARGETED_DEVICE_FAMILY = "1,2";
			};
			name = Debug;
		};
		3518D1851854583000EFC1AF /* Release */ = {
			isa = XCBuildConfiguration;
			buildSettings = {
				ALWAYS_SEARCH_USER_PATHS = NO;
				CLANG_CXX_LANGUAGE_STANDARD = "gnu++0x";
				CLANG_CXX_LIBRARY = "libc++";
				CLANG_ENABLE_MODULES = YES;
				CLANG_ENABLE_OBJC_ARC = YES;
				CLANG_WARN_BOOL_CONVERSION = YES;
				CLANG_WARN_CONSTANT_CONVERSION = NO;
				CLANG_WARN_DIRECT_OBJC_ISA_USAGE = YES_ERROR;
				CLANG_WARN_EMPTY_BODY = YES;
				CLANG_WARN_ENUM_CONVERSION = NO;
				CLANG_WARN_INT_CONVERSION = NO;
				CLANG_WARN_OBJC_ROOT_CLASS = YES_ERROR;
				CLANG_WARN__DUPLICATE_METHOD_MATCH = YES;
				"CODE_SIGN_IDENTITY[sdk=iphoneos*]" = "iPhone Developer";
				COPY_PHASE_STRIP = YES;
				ENABLE_NS_ASSERTIONS = NO;
				GCC_C_LANGUAGE_STANDARD = gnu99;
				GCC_WARN_64_TO_32_BIT_CONVERSION = NO;
				GCC_WARN_ABOUT_RETURN_TYPE = YES_ERROR;
				GCC_WARN_UNDECLARED_SELECTOR = YES;
				GCC_WARN_UNINITIALIZED_AUTOS = YES;
				GCC_WARN_UNUSED_FUNCTION = YES;
				GCC_WARN_UNUSED_VARIABLE = YES;
				IPHONEOS_DEPLOYMENT_TARGET = 7.0;
				SDKROOT = iphoneos;
				TARGETED_DEVICE_FAMILY = "1,2";
				VALIDATE_PRODUCT = YES;
			};
			name = Release;
		};
		3518D1871854583000EFC1AF /* Debug */ = {
			isa = XCBuildConfiguration;
			baseConfigurationReference = 48D705E98F504EBB9C77839A /* Pods.xcconfig */;
			buildSettings = {
				CODE_SIGN_IDENTITY = "iPhone Developer";
				"CODE_SIGN_IDENTITY[sdk=iphoneos*]" = "iPhone Developer";
				FRAMEWORK_SEARCH_PATHS = (
					"$(inherited)",
					/Users/Siddharth/Documents/VITacademics,
					"$(PROJECT_DIR)",
				);
				GCC_PRECOMPILE_PREFIX_HEADER = YES;
				GCC_PREFIX_HEADER = "VITacademics/VITacademics-Prefix.pch";
				INFOPLIST_FILE = "VITacademics/VITacademics-Info.plist";
				IPHONEOS_DEPLOYMENT_TARGET = 7.0;
				LIBRARY_SEARCH_PATHS = (
					"$(inherited)",
					"/Users/Siddharth/Desktop/VITacademics-v2-for-iOS/VITacademics",
					"$(PROJECT_DIR)",
				);
				PRODUCT_NAME = "$(TARGET_NAME)";
				PROVISIONING_PROFILE = "";
				TARGETED_DEVICE_FAMILY = "1,2";
				WRAPPER_EXTENSION = app;
			};
			name = Debug;
		};
		3518D1881854583000EFC1AF /* Release */ = {
			isa = XCBuildConfiguration;
			baseConfigurationReference = 48D705E98F504EBB9C77839A /* Pods.xcconfig */;
			buildSettings = {
				CODE_SIGN_IDENTITY = "iPhone Developer";
				"CODE_SIGN_IDENTITY[sdk=iphoneos*]" = "iPhone Developer";
				FRAMEWORK_SEARCH_PATHS = (
					"$(inherited)",
					/Users/Siddharth/Documents/VITacademics,
					"$(PROJECT_DIR)",
				);
				GCC_PRECOMPILE_PREFIX_HEADER = YES;
				GCC_PREFIX_HEADER = "VITacademics/VITacademics-Prefix.pch";
				INFOPLIST_FILE = "VITacademics/VITacademics-Info.plist";
				IPHONEOS_DEPLOYMENT_TARGET = 7.0;
				LIBRARY_SEARCH_PATHS = (
					"$(inherited)",
					"/Users/Siddharth/Desktop/VITacademics-v2-for-iOS/VITacademics",
					"$(PROJECT_DIR)",
				);
				PRODUCT_NAME = "$(TARGET_NAME)";
				PROVISIONING_PROFILE = "";
				TARGETED_DEVICE_FAMILY = "1,2";
				WRAPPER_EXTENSION = app;
			};
			name = Release;
		};
		3518D18A1854583000EFC1AF /* Debug */ = {
			isa = XCBuildConfiguration;
			buildSettings = {
				BUNDLE_LOADER = "$(BUILT_PRODUCTS_DIR)/VITacademics.app/VITacademics";
				FRAMEWORK_SEARCH_PATHS = (
					"$(SDKROOT)/Developer/Library/Frameworks",
					"$(inherited)",
					"$(DEVELOPER_FRAMEWORKS_DIR)",
				);
				GCC_PRECOMPILE_PREFIX_HEADER = YES;
				GCC_PREFIX_HEADER = "VITacademics/VITacademics-Prefix.pch";
				GCC_PREPROCESSOR_DEFINITIONS = (
					"DEBUG=1",
					"$(inherited)",
				);
				INFOPLIST_FILE = "VITacademicsTests/VITacademicsTests-Info.plist";
				PRODUCT_NAME = "$(TARGET_NAME)";
				TEST_HOST = "$(BUNDLE_LOADER)";
				WRAPPER_EXTENSION = xctest;
			};
			name = Debug;
		};
		3518D18B1854583000EFC1AF /* Release */ = {
			isa = XCBuildConfiguration;
			buildSettings = {
				BUNDLE_LOADER = "$(BUILT_PRODUCTS_DIR)/VITacademics.app/VITacademics";
				FRAMEWORK_SEARCH_PATHS = (
					"$(SDKROOT)/Developer/Library/Frameworks",
					"$(inherited)",
					"$(DEVELOPER_FRAMEWORKS_DIR)",
				);
				GCC_PRECOMPILE_PREFIX_HEADER = YES;
				GCC_PREFIX_HEADER = "VITacademics/VITacademics-Prefix.pch";
				INFOPLIST_FILE = "VITacademicsTests/VITacademicsTests-Info.plist";
				PRODUCT_NAME = "$(TARGET_NAME)";
				TEST_HOST = "$(BUNDLE_LOADER)";
				WRAPPER_EXTENSION = xctest;
			};
			name = Release;
		};
/* End XCBuildConfiguration section */

/* Begin XCConfigurationList section */
		3518D14C1854583000EFC1AF /* Build configuration list for PBXProject "VITacademics" */ = {
			isa = XCConfigurationList;
			buildConfigurations = (
				3518D1841854583000EFC1AF /* Debug */,
				3518D1851854583000EFC1AF /* Release */,
			);
			defaultConfigurationIsVisible = 0;
			defaultConfigurationName = Release;
		};
		3518D1861854583000EFC1AF /* Build configuration list for PBXNativeTarget "VITacademics" */ = {
			isa = XCConfigurationList;
			buildConfigurations = (
				3518D1871854583000EFC1AF /* Debug */,
				3518D1881854583000EFC1AF /* Release */,
			);
			defaultConfigurationIsVisible = 0;
			defaultConfigurationName = Release;
		};
		3518D1891854583000EFC1AF /* Build configuration list for PBXNativeTarget "VITacademicsTests" */ = {
			isa = XCConfigurationList;
			buildConfigurations = (
				3518D18A1854583000EFC1AF /* Debug */,
				3518D18B1854583000EFC1AF /* Release */,
			);
			defaultConfigurationIsVisible = 0;
			defaultConfigurationName = Release;
		};
/* End XCConfigurationList section */

/* Begin XCVersionGroup section */
		351674C618DF2BD8002AC961 /* VITacademics.xcdatamodeld */ = {
			isa = XCVersionGroup;
			children = (
				351674C718DF2BD8002AC961 /* VITacademics.xcdatamodel */,
			);
			currentVersion = 351674C718DF2BD8002AC961 /* VITacademics.xcdatamodel */;
			path = VITacademics.xcdatamodeld;
			sourceTree = "<group>";
			versionGroupType = wrapper.xcdatamodel;
		};
/* End XCVersionGroup section */
	};
	rootObject = 3518D1491854583000EFC1AF /* Project object */;
}
