// !$*UTF8*$!
{
	archiveVersion = 1;
	classes = {
	};
	objectVersion = 46;
	objects = {

/* Begin PBXBuildFile section */
		3510174F18661DC7005F4101 /* StoreKit.framework in Frameworks */ = {isa = PBXBuildFile; fileRef = 3510174E18661DC7005F4101 /* StoreKit.framework */; };
		35128E81186844E500DBC06D /* NoClassRightNow.xib in Resources */ = {isa = PBXBuildFile; fileRef = 35128E80186844E500DBC06D /* NoClassRightNow.xib */; };
		35155D8118781A8100513E05 /* SettingsTabViewController.m in Sources */ = {isa = PBXBuildFile; fileRef = 35155D8018781A8100513E05 /* SettingsTabViewController.m */; };
		3518D1551854583000EFC1AF /* Foundation.framework in Frameworks */ = {isa = PBXBuildFile; fileRef = 3518D1541854583000EFC1AF /* Foundation.framework */; };
		3518D1571854583000EFC1AF /* CoreGraphics.framework in Frameworks */ = {isa = PBXBuildFile; fileRef = 3518D1561854583000EFC1AF /* CoreGraphics.framework */; };
		3518D1591854583000EFC1AF /* UIKit.framework in Frameworks */ = {isa = PBXBuildFile; fileRef = 3518D1581854583000EFC1AF /* UIKit.framework */; };
		3518D15F1854583000EFC1AF /* InfoPlist.strings in Resources */ = {isa = PBXBuildFile; fileRef = 3518D15D1854583000EFC1AF /* InfoPlist.strings */; };
		3518D1611854583000EFC1AF /* main.m in Sources */ = {isa = PBXBuildFile; fileRef = 3518D1601854583000EFC1AF /* main.m */; };
		3518D1651854583000EFC1AF /* AppDelegate.m in Sources */ = {isa = PBXBuildFile; fileRef = 3518D1641854583000EFC1AF /* AppDelegate.m */; };
		3518D1681854583000EFC1AF /* Main_iPhone.storyboard in Resources */ = {isa = PBXBuildFile; fileRef = 3518D1661854583000EFC1AF /* Main_iPhone.storyboard */; };
		3518D16B1854583000EFC1AF /* Main_iPad.storyboard in Resources */ = {isa = PBXBuildFile; fileRef = 3518D1691854583000EFC1AF /* Main_iPad.storyboard */; };
		3518D1701854583000EFC1AF /* Images.xcassets in Resources */ = {isa = PBXBuildFile; fileRef = 3518D16F1854583000EFC1AF /* Images.xcassets */; };
		3518D1771854583000EFC1AF /* XCTest.framework in Frameworks */ = {isa = PBXBuildFile; fileRef = 3518D1761854583000EFC1AF /* XCTest.framework */; };
		3518D1781854583000EFC1AF /* Foundation.framework in Frameworks */ = {isa = PBXBuildFile; fileRef = 3518D1541854583000EFC1AF /* Foundation.framework */; };
		3518D1791854583000EFC1AF /* UIKit.framework in Frameworks */ = {isa = PBXBuildFile; fileRef = 3518D1581854583000EFC1AF /* UIKit.framework */; };
		3518D1811854583000EFC1AF /* InfoPlist.strings in Resources */ = {isa = PBXBuildFile; fileRef = 3518D17F1854583000EFC1AF /* InfoPlist.strings */; };
		3518D1831854583000EFC1AF /* VITacademicsTests.m in Sources */ = {isa = PBXBuildFile; fileRef = 3518D1821854583000EFC1AF /* VITacademicsTests.m */; };
		3518D19918545FE500EFC1AF /* InitView.m in Sources */ = {isa = PBXBuildFile; fileRef = 3518D19818545FE500EFC1AF /* InitView.m */; };
		3518D1A51854633B00EFC1AF /* MuseoSans_500_Italic.otf in Resources */ = {isa = PBXBuildFile; fileRef = 3518D19B1854633B00EFC1AF /* MuseoSans_500_Italic.otf */; };
		3518D1A61854633B00EFC1AF /* MuseoSans_500.otf in Resources */ = {isa = PBXBuildFile; fileRef = 3518D19C1854633B00EFC1AF /* MuseoSans_500.otf */; };
		3518D1A71854633B00EFC1AF /* MuseoSans_700.otf in Resources */ = {isa = PBXBuildFile; fileRef = 3518D19D1854633B00EFC1AF /* MuseoSans_700.otf */; };
		3518D1A81854633B00EFC1AF /* MuseoSans_900.otf in Resources */ = {isa = PBXBuildFile; fileRef = 3518D19E1854633B00EFC1AF /* MuseoSans_900.otf */; };
		3518D1A91854633B00EFC1AF /* MuseoSans-100.otf in Resources */ = {isa = PBXBuildFile; fileRef = 3518D19F1854633B00EFC1AF /* MuseoSans-100.otf */; };
		3518D1AA1854633B00EFC1AF /* MuseoSans-100Italic.otf in Resources */ = {isa = PBXBuildFile; fileRef = 3518D1A01854633B00EFC1AF /* MuseoSans-100Italic.otf */; };
		3518D1AB1854633B00EFC1AF /* MuseoSans-300.otf in Resources */ = {isa = PBXBuildFile; fileRef = 3518D1A11854633B00EFC1AF /* MuseoSans-300.otf */; };
		3518D1AC1854633B00EFC1AF /* MuseoSans-300Italic.otf in Resources */ = {isa = PBXBuildFile; fileRef = 3518D1A21854633B00EFC1AF /* MuseoSans-300Italic.otf */; };
		3518D1AD1854633B00EFC1AF /* MuseoSans-700Italic.otf in Resources */ = {isa = PBXBuildFile; fileRef = 3518D1A31854633B00EFC1AF /* MuseoSans-700Italic.otf */; };
		3518D1AE1854633B00EFC1AF /* MuseoSans-900Italic.otf in Resources */ = {isa = PBXBuildFile; fileRef = 3518D1A41854633B00EFC1AF /* MuseoSans-900Italic.otf */; };
		3518D1B41854CF7600EFC1AF /* StepsViewController.m in Sources */ = {isa = PBXBuildFile; fileRef = 3518D1B31854CF7600EFC1AF /* StepsViewController.m */; };
		3518D1B61854F7F800EFC1AF /* Parse.framework in Frameworks */ = {isa = PBXBuildFile; fileRef = 3518D1B51854F7F800EFC1AF /* Parse.framework */; };
		3518D1B81854F82200EFC1AF /* AudioToolbox.framework in Frameworks */ = {isa = PBXBuildFile; fileRef = 3518D1B71854F82200EFC1AF /* AudioToolbox.framework */; };
		3518D1BA1854F82800EFC1AF /* CFNetwork.framework in Frameworks */ = {isa = PBXBuildFile; fileRef = 3518D1B91854F82800EFC1AF /* CFNetwork.framework */; };
		3518D1BC1854F83400EFC1AF /* CoreLocation.framework in Frameworks */ = {isa = PBXBuildFile; fileRef = 3518D1BB1854F83400EFC1AF /* CoreLocation.framework */; };
		3518D1BE1854F83D00EFC1AF /* libz.1.1.3.dylib in Frameworks */ = {isa = PBXBuildFile; fileRef = 3518D1BD1854F83D00EFC1AF /* libz.1.1.3.dylib */; };
		3518D1C01854F84500EFC1AF /* MobileCoreServices.framework in Frameworks */ = {isa = PBXBuildFile; fileRef = 3518D1BF1854F84500EFC1AF /* MobileCoreServices.framework */; };
		3518D1C21854F84900EFC1AF /* QuartzCore.framework in Frameworks */ = {isa = PBXBuildFile; fileRef = 3518D1C11854F84900EFC1AF /* QuartzCore.framework */; };
		3518D1C41854F85000EFC1AF /* Security.framework in Frameworks */ = {isa = PBXBuildFile; fileRef = 3518D1C31854F85000EFC1AF /* Security.framework */; };
		3518D1C81854F85800EFC1AF /* SystemConfiguration.framework in Frameworks */ = {isa = PBXBuildFile; fileRef = 3518D1C71854F85800EFC1AF /* SystemConfiguration.framework */; };
		3518D1CA1854F97000EFC1AF /* FacebookSDK.framework in Frameworks */ = {isa = PBXBuildFile; fileRef = 3518D1C91854F97000EFC1AF /* FacebookSDK.framework */; };
		3518E96C189B9981001F32A8 /* CaptchaViewController.m in Sources */ = {isa = PBXBuildFile; fileRef = 3518E96B189B9981001F32A8 /* CaptchaViewController.m */; };
		3518E96F189B9F56001F32A8 /* SubjectDetailsViewController.m in Sources */ = {isa = PBXBuildFile; fileRef = 3518E96E189B9F56001F32A8 /* SubjectDetailsViewController.m */; };
		35204C5918586CC20005319B /* SettingsViewController.m in Sources */ = {isa = PBXBuildFile; fileRef = 35204C5818586CC20005319B /* SettingsViewController.m */; };
		355F962C188D1BBB00BB0945 /* iPhoneTableViewCell.m in Sources */ = {isa = PBXBuildFile; fileRef = 355F962A188D1BBB00BB0945 /* iPhoneTableViewCell.m */; };
		355F962D188D1BBB00BB0945 /* iPhoneCellNib.xib in Resources */ = {isa = PBXBuildFile; fileRef = 355F962B188D1BBB00BB0945 /* iPhoneCellNib.xib */; };
		355F9630188D1E8700BB0945 /* AttendanceViewController.m in Sources */ = {isa = PBXBuildFile; fileRef = 355F962F188D1E8700BB0945 /* AttendanceViewController.m */; };
		356802AD1859118E00C41D69 /* VITxAPI.m in Sources */ = {isa = PBXBuildFile; fileRef = 356802AC1859118E00C41D69 /* VITxAPI.m */; };
		3595264518A400F400A4767B /* loadingImage.png in Resources */ = {isa = PBXBuildFile; fileRef = 3595264418A400F400A4767B /* loadingImage.png */; };
		35961C5D18A113FE009F09C8 /* Default-568h@2x.png in Resources */ = {isa = PBXBuildFile; fileRef = 35961C5C18A113FE009F09C8 /* Default-568h@2x.png */; };
		35961C6318A14E71009F09C8 /* 58.png in Resources */ = {isa = PBXBuildFile; fileRef = 35961C5E18A14E71009F09C8 /* 58.png */; };
		35961C6418A14E71009F09C8 /* 80.png in Resources */ = {isa = PBXBuildFile; fileRef = 35961C5F18A14E71009F09C8 /* 80.png */; };
		35961C6518A14E71009F09C8 /* 120.png in Resources */ = {isa = PBXBuildFile; fileRef = 35961C6018A14E71009F09C8 /* 120.png */; };
		35961C6618A14E71009F09C8 /* 960x640.png in Resources */ = {isa = PBXBuildFile; fileRef = 35961C6118A14E71009F09C8 /* 960x640.png */; };
		35961C6718A14E71009F09C8 /* 1136x640.png in Resources */ = {isa = PBXBuildFile; fileRef = 35961C6218A14E71009F09C8 /* 1136x640.png */; };
		359C60BE185CD25000FB36B2 /* CurrentClassTableViewCell.m in Sources */ = {isa = PBXBuildFile; fileRef = 359C60BD185CD25000FB36B2 /* CurrentClassTableViewCell.m */; };
		359C60C0185CD27200FB36B2 /* CurrentClassTableViewCell.xib in Resources */ = {isa = PBXBuildFile; fileRef = 359C60BF185CD27200FB36B2 /* CurrentClassTableViewCell.xib */; };
		359EDB9A185DBA1600D14248 /* FriendsViewController.m in Sources */ = {isa = PBXBuildFile; fileRef = 359EDB99185DBA1600D14248 /* FriendsViewController.m */; };
		35A32CB618A4B3DF00898607 /* captchaError.png in Resources */ = {isa = PBXBuildFile; fileRef = 35A32CB518A4B3DF00898607 /* captchaError.png */; };
		35A751EF185B90AF009FC74D /* TodayViewController.m in Sources */ = {isa = PBXBuildFile; fileRef = 35A751EE185B90AF009FC74D /* TodayViewController.m */; };
		35A751F2185B91E6009FC74D /* TimeTable.m in Sources */ = {isa = PBXBuildFile; fileRef = 35A751F1185B91E6009FC74D /* TimeTable.m */; };
		35A751F5185B9608009FC74D /* TabViewController.m in Sources */ = {isa = PBXBuildFile; fileRef = 35A751F4185B9608009FC74D /* TabViewController.m */; };
		35B954F3188C11B800389DA6 /* Subject.m in Sources */ = {isa = PBXBuildFile; fileRef = 35B954F0188C11B800389DA6 /* Subject.m */; };
		35B954F4188C11B800389DA6 /* Subjects.m in Sources */ = {isa = PBXBuildFile; fileRef = 35B954F2188C11B800389DA6 /* Subjects.m */; };
		35BC32DD189D950400B2999D /* ShareViewController.m in Sources */ = {isa = PBXBuildFile; fileRef = 35BC32DC189D950400B2999D /* ShareViewController.m */; };
		35D20BE81864FF46001139C9 /* UpcomingClassCell.m in Sources */ = {isa = PBXBuildFile; fileRef = 35D20BE71864FF46001139C9 /* UpcomingClassCell.m */; };
		35D20BEA1864FF66001139C9 /* UpcomingClassCell.xib in Resources */ = {isa = PBXBuildFile; fileRef = 35D20BE91864FF66001139C9 /* UpcomingClassCell.xib */; };
		35D2181D188FDBF5000E5BEC /* DetailViewController.m in Sources */ = {isa = PBXBuildFile; fileRef = 35D2181C188FDBF5000E5BEC /* DetailViewController.m */; };
		35D4A319189E51F400F23A28 /* DataManager.m in Sources */ = {isa = PBXBuildFile; fileRef = 35D4A318189E51F400F23A28 /* DataManager.m */; };
		35E36B3A18A9B5A0005FBFF1 /* FriendsComingSoonCell.xib in Resources */ = {isa = PBXBuildFile; fileRef = 35E36B3918A9B5A0005FBFF1 /* FriendsComingSoonCell.xib */; };
		F05DA906B6EC44E6B2253C4C /* libPods.a in Frameworks */ = {isa = PBXBuildFile; fileRef = 4E84647C95C14A498AD2419D /* libPods.a */; };
/* End PBXBuildFile section */

/* Begin PBXContainerItemProxy section */
		3518D17A1854583000EFC1AF /* PBXContainerItemProxy */ = {
			isa = PBXContainerItemProxy;
			containerPortal = 3518D1491854583000EFC1AF /* Project object */;
			proxyType = 1;
			remoteGlobalIDString = 3518D1501854583000EFC1AF;
			remoteInfo = VITacademics;
		};
/* End PBXContainerItemProxy section */

/* Begin PBXFileReference section */
		3510174E18661DC7005F4101 /* StoreKit.framework */ = {isa = PBXFileReference; lastKnownFileType = wrapper.framework; name = StoreKit.framework; path = System/Library/Frameworks/StoreKit.framework; sourceTree = SDKROOT; };
		35128E80186844E500DBC06D /* NoClassRightNow.xib */ = {isa = PBXFileReference; fileEncoding = 4; lastKnownFileType = file.xib; name = NoClassRightNow.xib; path = ../NoClassRightNow.xib; sourceTree = "<group>"; };
		35155D7F18781A8100513E05 /* SettingsTabViewController.h */ = {isa = PBXFileReference; fileEncoding = 4; lastKnownFileType = sourcecode.c.h; path = SettingsTabViewController.h; sourceTree = "<group>"; };
		35155D8018781A8100513E05 /* SettingsTabViewController.m */ = {isa = PBXFileReference; fileEncoding = 4; lastKnownFileType = sourcecode.c.objc; path = SettingsTabViewController.m; sourceTree = "<group>"; };
		3518D1511854583000EFC1AF /* VITacademics.app */ = {isa = PBXFileReference; explicitFileType = wrapper.application; includeInIndex = 0; path = VITacademics.app; sourceTree = BUILT_PRODUCTS_DIR; };
		3518D1541854583000EFC1AF /* Foundation.framework */ = {isa = PBXFileReference; lastKnownFileType = wrapper.framework; name = Foundation.framework; path = System/Library/Frameworks/Foundation.framework; sourceTree = SDKROOT; };
		3518D1561854583000EFC1AF /* CoreGraphics.framework */ = {isa = PBXFileReference; lastKnownFileType = wrapper.framework; name = CoreGraphics.framework; path = System/Library/Frameworks/CoreGraphics.framework; sourceTree = SDKROOT; };
		3518D1581854583000EFC1AF /* UIKit.framework */ = {isa = PBXFileReference; lastKnownFileType = wrapper.framework; name = UIKit.framework; path = System/Library/Frameworks/UIKit.framework; sourceTree = SDKROOT; };
		3518D15C1854583000EFC1AF /* VITacademics-Info.plist */ = {isa = PBXFileReference; lastKnownFileType = text.plist.xml; path = "VITacademics-Info.plist"; sourceTree = "<group>"; };
		3518D15E1854583000EFC1AF /* en */ = {isa = PBXFileReference; lastKnownFileType = text.plist.strings; name = en; path = en.lproj/InfoPlist.strings; sourceTree = "<group>"; };
		3518D1601854583000EFC1AF /* main.m */ = {isa = PBXFileReference; lastKnownFileType = sourcecode.c.objc; path = main.m; sourceTree = "<group>"; };
		3518D1621854583000EFC1AF /* VITacademics-Prefix.pch */ = {isa = PBXFileReference; lastKnownFileType = sourcecode.c.h; path = "VITacademics-Prefix.pch"; sourceTree = "<group>"; };
		3518D1631854583000EFC1AF /* AppDelegate.h */ = {isa = PBXFileReference; lastKnownFileType = sourcecode.c.h; path = AppDelegate.h; sourceTree = "<group>"; };
		3518D1641854583000EFC1AF /* AppDelegate.m */ = {isa = PBXFileReference; lastKnownFileType = sourcecode.c.objc; path = AppDelegate.m; sourceTree = "<group>"; };
		3518D1671854583000EFC1AF /* Base */ = {isa = PBXFileReference; lastKnownFileType = file.storyboard; name = Base; path = Base.lproj/Main_iPhone.storyboard; sourceTree = "<group>"; };
		3518D16A1854583000EFC1AF /* Base */ = {isa = PBXFileReference; lastKnownFileType = file.storyboard; name = Base; path = Base.lproj/Main_iPad.storyboard; sourceTree = "<group>"; };
		3518D16F1854583000EFC1AF /* Images.xcassets */ = {isa = PBXFileReference; lastKnownFileType = folder.assetcatalog; path = Images.xcassets; sourceTree = "<group>"; };
		3518D1751854583000EFC1AF /* VITacademicsTests.xctest */ = {isa = PBXFileReference; explicitFileType = wrapper.cfbundle; includeInIndex = 0; path = VITacademicsTests.xctest; sourceTree = BUILT_PRODUCTS_DIR; };
		3518D1761854583000EFC1AF /* XCTest.framework */ = {isa = PBXFileReference; lastKnownFileType = wrapper.framework; name = XCTest.framework; path = Library/Frameworks/XCTest.framework; sourceTree = DEVELOPER_DIR; };
		3518D17E1854583000EFC1AF /* VITacademicsTests-Info.plist */ = {isa = PBXFileReference; lastKnownFileType = text.plist.xml; path = "VITacademicsTests-Info.plist"; sourceTree = "<group>"; };
		3518D1801854583000EFC1AF /* en */ = {isa = PBXFileReference; lastKnownFileType = text.plist.strings; name = en; path = en.lproj/InfoPlist.strings; sourceTree = "<group>"; };
		3518D1821854583000EFC1AF /* VITacademicsTests.m */ = {isa = PBXFileReference; lastKnownFileType = sourcecode.c.objc; path = VITacademicsTests.m; sourceTree = "<group>"; };
		3518D19718545FE500EFC1AF /* InitView.h */ = {isa = PBXFileReference; fileEncoding = 4; lastKnownFileType = sourcecode.c.h; path = InitView.h; sourceTree = "<group>"; };
		3518D19818545FE500EFC1AF /* InitView.m */ = {isa = PBXFileReference; fileEncoding = 4; lastKnownFileType = sourcecode.c.objc; path = InitView.m; sourceTree = "<group>"; };
		3518D19B1854633B00EFC1AF /* MuseoSans_500_Italic.otf */ = {isa = PBXFileReference; lastKnownFileType = file; path = MuseoSans_500_Italic.otf; sourceTree = "<group>"; };
		3518D19C1854633B00EFC1AF /* MuseoSans_500.otf */ = {isa = PBXFileReference; lastKnownFileType = file; path = MuseoSans_500.otf; sourceTree = "<group>"; };
		3518D19D1854633B00EFC1AF /* MuseoSans_700.otf */ = {isa = PBXFileReference; lastKnownFileType = file; path = MuseoSans_700.otf; sourceTree = "<group>"; };
		3518D19E1854633B00EFC1AF /* MuseoSans_900.otf */ = {isa = PBXFileReference; lastKnownFileType = file; path = MuseoSans_900.otf; sourceTree = "<group>"; };
		3518D19F1854633B00EFC1AF /* MuseoSans-100.otf */ = {isa = PBXFileReference; lastKnownFileType = file; path = "MuseoSans-100.otf"; sourceTree = "<group>"; };
		3518D1A01854633B00EFC1AF /* MuseoSans-100Italic.otf */ = {isa = PBXFileReference; lastKnownFileType = file; path = "MuseoSans-100Italic.otf"; sourceTree = "<group>"; };
		3518D1A11854633B00EFC1AF /* MuseoSans-300.otf */ = {isa = PBXFileReference; lastKnownFileType = file; path = "MuseoSans-300.otf"; sourceTree = "<group>"; };
		3518D1A21854633B00EFC1AF /* MuseoSans-300Italic.otf */ = {isa = PBXFileReference; lastKnownFileType = file; path = "MuseoSans-300Italic.otf"; sourceTree = "<group>"; };
		3518D1A31854633B00EFC1AF /* MuseoSans-700Italic.otf */ = {isa = PBXFileReference; lastKnownFileType = file; path = "MuseoSans-700Italic.otf"; sourceTree = "<group>"; };
		3518D1A41854633B00EFC1AF /* MuseoSans-900Italic.otf */ = {isa = PBXFileReference; lastKnownFileType = file; path = "MuseoSans-900Italic.otf"; sourceTree = "<group>"; };
		3518D1B21854CF7600EFC1AF /* StepsViewController.h */ = {isa = PBXFileReference; fileEncoding = 4; lastKnownFileType = sourcecode.c.h; path = StepsViewController.h; sourceTree = "<group>"; };
		3518D1B31854CF7600EFC1AF /* StepsViewController.m */ = {isa = PBXFileReference; fileEncoding = 4; lastKnownFileType = sourcecode.c.objc; path = StepsViewController.m; sourceTree = "<group>"; };
		3518D1B51854F7F800EFC1AF /* Parse.framework */ = {isa = PBXFileReference; lastKnownFileType = wrapper.framework; path = Parse.framework; sourceTree = "<group>"; };
		3518D1B71854F82200EFC1AF /* AudioToolbox.framework */ = {isa = PBXFileReference; lastKnownFileType = wrapper.framework; name = AudioToolbox.framework; path = System/Library/Frameworks/AudioToolbox.framework; sourceTree = SDKROOT; };
		3518D1B91854F82800EFC1AF /* CFNetwork.framework */ = {isa = PBXFileReference; lastKnownFileType = wrapper.framework; name = CFNetwork.framework; path = System/Library/Frameworks/CFNetwork.framework; sourceTree = SDKROOT; };
		3518D1BB1854F83400EFC1AF /* CoreLocation.framework */ = {isa = PBXFileReference; lastKnownFileType = wrapper.framework; name = CoreLocation.framework; path = System/Library/Frameworks/CoreLocation.framework; sourceTree = SDKROOT; };
		3518D1BD1854F83D00EFC1AF /* libz.1.1.3.dylib */ = {isa = PBXFileReference; lastKnownFileType = "compiled.mach-o.dylib"; name = libz.1.1.3.dylib; path = usr/lib/libz.1.1.3.dylib; sourceTree = SDKROOT; };
		3518D1BF1854F84500EFC1AF /* MobileCoreServices.framework */ = {isa = PBXFileReference; lastKnownFileType = wrapper.framework; name = MobileCoreServices.framework; path = System/Library/Frameworks/MobileCoreServices.framework; sourceTree = SDKROOT; };
		3518D1C11854F84900EFC1AF /* QuartzCore.framework */ = {isa = PBXFileReference; lastKnownFileType = wrapper.framework; name = QuartzCore.framework; path = System/Library/Frameworks/QuartzCore.framework; sourceTree = SDKROOT; };
		3518D1C31854F85000EFC1AF /* Security.framework */ = {isa = PBXFileReference; lastKnownFileType = wrapper.framework; name = Security.framework; path = System/Library/Frameworks/Security.framework; sourceTree = SDKROOT; };
		3518D1C71854F85800EFC1AF /* SystemConfiguration.framework */ = {isa = PBXFileReference; lastKnownFileType = wrapper.framework; name = SystemConfiguration.framework; path = System/Library/Frameworks/SystemConfiguration.framework; sourceTree = SDKROOT; };
		3518D1C91854F97000EFC1AF /* FacebookSDK.framework */ = {isa = PBXFileReference; lastKnownFileType = wrapper.framework; path = FacebookSDK.framework; sourceTree = "<group>"; };
		3518E96A189B9981001F32A8 /* CaptchaViewController.h */ = {isa = PBXFileReference; fileEncoding = 4; lastKnownFileType = sourcecode.c.h; path = CaptchaViewController.h; sourceTree = "<group>"; };
		3518E96B189B9981001F32A8 /* CaptchaViewController.m */ = {isa = PBXFileReference; fileEncoding = 4; lastKnownFileType = sourcecode.c.objc; path = CaptchaViewController.m; sourceTree = "<group>"; };
		3518E96D189B9F56001F32A8 /* SubjectDetailsViewController.h */ = {isa = PBXFileReference; fileEncoding = 4; lastKnownFileType = sourcecode.c.h; path = SubjectDetailsViewController.h; sourceTree = "<group>"; };
		3518E96E189B9F56001F32A8 /* SubjectDetailsViewController.m */ = {isa = PBXFileReference; fileEncoding = 4; lastKnownFileType = sourcecode.c.objc; path = SubjectDetailsViewController.m; sourceTree = "<group>"; };
		35204C5718586CC20005319B /* SettingsViewController.h */ = {isa = PBXFileReference; fileEncoding = 4; lastKnownFileType = sourcecode.c.h; path = SettingsViewController.h; sourceTree = "<group>"; };
		35204C5818586CC20005319B /* SettingsViewController.m */ = {isa = PBXFileReference; fileEncoding = 4; lastKnownFileType = sourcecode.c.objc; path = SettingsViewController.m; sourceTree = "<group>"; };
		355F9629188D1BBB00BB0945 /* iPhoneTableViewCell.h */ = {isa = PBXFileReference; fileEncoding = 4; lastKnownFileType = sourcecode.c.h; path = iPhoneTableViewCell.h; sourceTree = "<group>"; };
		355F962A188D1BBB00BB0945 /* iPhoneTableViewCell.m */ = {isa = PBXFileReference; fileEncoding = 4; lastKnownFileType = sourcecode.c.objc; path = iPhoneTableViewCell.m; sourceTree = "<group>"; };
		355F962B188D1BBB00BB0945 /* iPhoneCellNib.xib */ = {isa = PBXFileReference; fileEncoding = 4; lastKnownFileType = file.xib; path = iPhoneCellNib.xib; sourceTree = "<group>"; };
		355F962E188D1E8700BB0945 /* AttendanceViewController.h */ = {isa = PBXFileReference; fileEncoding = 4; lastKnownFileType = sourcecode.c.h; path = AttendanceViewController.h; sourceTree = "<group>"; };
		355F962F188D1E8700BB0945 /* AttendanceViewController.m */ = {isa = PBXFileReference; fileEncoding = 4; lastKnownFileType = sourcecode.c.objc; path = AttendanceViewController.m; sourceTree = "<group>"; };
		356802AB1859118E00C41D69 /* VITxAPI.h */ = {isa = PBXFileReference; fileEncoding = 4; lastKnownFileType = sourcecode.c.h; path = VITxAPI.h; sourceTree = "<group>"; };
		356802AC1859118E00C41D69 /* VITxAPI.m */ = {isa = PBXFileReference; fileEncoding = 4; lastKnownFileType = sourcecode.c.objc; path = VITxAPI.m; sourceTree = "<group>"; };
		3595264418A400F400A4767B /* loadingImage.png */ = {isa = PBXFileReference; lastKnownFileType = image.png; path = loadingImage.png; sourceTree = "<group>"; };
		35961C5C18A113FE009F09C8 /* Default-568h@2x.png */ = {isa = PBXFileReference; lastKnownFileType = image.png; path = "Default-568h@2x.png"; sourceTree = "<group>"; };
		35961C5E18A14E71009F09C8 /* 58.png */ = {isa = PBXFileReference; lastKnownFileType = image.png; path = 58.png; sourceTree = "<group>"; };
		35961C5F18A14E71009F09C8 /* 80.png */ = {isa = PBXFileReference; lastKnownFileType = image.png; path = 80.png; sourceTree = "<group>"; };
		35961C6018A14E71009F09C8 /* 120.png */ = {isa = PBXFileReference; lastKnownFileType = image.png; path = 120.png; sourceTree = "<group>"; };
		35961C6118A14E71009F09C8 /* 960x640.png */ = {isa = PBXFileReference; lastKnownFileType = image.png; path = 960x640.png; sourceTree = "<group>"; };
		35961C6218A14E71009F09C8 /* 1136x640.png */ = {isa = PBXFileReference; lastKnownFileType = image.png; path = 1136x640.png; sourceTree = "<group>"; };
		359C60BC185CD25000FB36B2 /* CurrentClassTableViewCell.h */ = {isa = PBXFileReference; fileEncoding = 4; lastKnownFileType = sourcecode.c.h; path = CurrentClassTableViewCell.h; sourceTree = "<group>"; };
		359C60BD185CD25000FB36B2 /* CurrentClassTableViewCell.m */ = {isa = PBXFileReference; fileEncoding = 4; lastKnownFileType = sourcecode.c.objc; path = CurrentClassTableViewCell.m; sourceTree = "<group>"; };
		359C60BF185CD27200FB36B2 /* CurrentClassTableViewCell.xib */ = {isa = PBXFileReference; fileEncoding = 4; lastKnownFileType = file.xib; path = CurrentClassTableViewCell.xib; sourceTree = "<group>"; };
		359EDB98185DBA1600D14248 /* FriendsViewController.h */ = {isa = PBXFileReference; fileEncoding = 4; lastKnownFileType = sourcecode.c.h; path = FriendsViewController.h; sourceTree = "<group>"; };
		359EDB99185DBA1600D14248 /* FriendsViewController.m */ = {isa = PBXFileReference; fileEncoding = 4; lastKnownFileType = sourcecode.c.objc; path = FriendsViewController.m; sourceTree = "<group>"; };
		35A32CB518A4B3DF00898607 /* captchaError.png */ = {isa = PBXFileReference; lastKnownFileType = image.png; path = captchaError.png; sourceTree = "<group>"; };
		35A751ED185B90AF009FC74D /* TodayViewController.h */ = {isa = PBXFileReference; fileEncoding = 4; lastKnownFileType = sourcecode.c.h; path = TodayViewController.h; sourceTree = "<group>"; };
		35A751EE185B90AF009FC74D /* TodayViewController.m */ = {isa = PBXFileReference; fileEncoding = 4; lastKnownFileType = sourcecode.c.objc; path = TodayViewController.m; sourceTree = "<group>"; };
		35A751F0185B91E6009FC74D /* TimeTable.h */ = {isa = PBXFileReference; fileEncoding = 4; lastKnownFileType = sourcecode.c.h; path = TimeTable.h; sourceTree = "<group>"; };
		35A751F1185B91E6009FC74D /* TimeTable.m */ = {isa = PBXFileReference; fileEncoding = 4; lastKnownFileType = sourcecode.c.objc; path = TimeTable.m; sourceTree = "<group>"; };
		35A751F3185B9608009FC74D /* TabViewController.h */ = {isa = PBXFileReference; fileEncoding = 4; lastKnownFileType = sourcecode.c.h; path = TabViewController.h; sourceTree = "<group>"; };
		35A751F4185B9608009FC74D /* TabViewController.m */ = {isa = PBXFileReference; fileEncoding = 4; lastKnownFileType = sourcecode.c.objc; path = TabViewController.m; sourceTree = "<group>"; };
		35B954EF188C11B800389DA6 /* Subject.h */ = {isa = PBXFileReference; fileEncoding = 4; lastKnownFileType = sourcecode.c.h; path = Subject.h; sourceTree = "<group>"; };
		35B954F0188C11B800389DA6 /* Subject.m */ = {isa = PBXFileReference; fileEncoding = 4; lastKnownFileType = sourcecode.c.objc; path = Subject.m; sourceTree = "<group>"; };
		35B954F1188C11B800389DA6 /* Subjects.h */ = {isa = PBXFileReference; fileEncoding = 4; lastKnownFileType = sourcecode.c.h; path = Subjects.h; sourceTree = "<group>"; };
		35B954F2188C11B800389DA6 /* Subjects.m */ = {isa = PBXFileReference; fileEncoding = 4; lastKnownFileType = sourcecode.c.objc; path = Subjects.m; sourceTree = "<group>"; };
		35BC32DB189D950400B2999D /* ShareViewController.h */ = {isa = PBXFileReference; fileEncoding = 4; lastKnownFileType = sourcecode.c.h; path = ShareViewController.h; sourceTree = "<group>"; };
		35BC32DC189D950400B2999D /* ShareViewController.m */ = {isa = PBXFileReference; fileEncoding = 4; lastKnownFileType = sourcecode.c.objc; path = ShareViewController.m; sourceTree = "<group>"; };
		35D20BE61864FF46001139C9 /* UpcomingClassCell.h */ = {isa = PBXFileReference; fileEncoding = 4; lastKnownFileType = sourcecode.c.h; path = UpcomingClassCell.h; sourceTree = "<group>"; };
		35D20BE71864FF46001139C9 /* UpcomingClassCell.m */ = {isa = PBXFileReference; fileEncoding = 4; lastKnownFileType = sourcecode.c.objc; path = UpcomingClassCell.m; sourceTree = "<group>"; };
		35D20BE91864FF66001139C9 /* UpcomingClassCell.xib */ = {isa = PBXFileReference; fileEncoding = 4; lastKnownFileType = file.xib; path = UpcomingClassCell.xib; sourceTree = "<group>"; };
		35D2181B188FDBF5000E5BEC /* DetailViewController.h */ = {isa = PBXFileReference; fileEncoding = 4; lastKnownFileType = sourcecode.c.h; path = DetailViewController.h; sourceTree = "<group>"; };
		35D2181C188FDBF5000E5BEC /* DetailViewController.m */ = {isa = PBXFileReference; fileEncoding = 4; lastKnownFileType = sourcecode.c.objc; path = DetailViewController.m; sourceTree = "<group>"; };
		35D4A317189E51F400F23A28 /* DataManager.h */ = {isa = PBXFileReference; fileEncoding = 4; lastKnownFileType = sourcecode.c.h; path = DataManager.h; sourceTree = "<group>"; };
		35D4A318189E51F400F23A28 /* DataManager.m */ = {isa = PBXFileReference; fileEncoding = 4; lastKnownFileType = sourcecode.c.objc; path = DataManager.m; sourceTree = "<group>"; };
		35E36B3918A9B5A0005FBFF1 /* FriendsComingSoonCell.xib */ = {isa = PBXFileReference; fileEncoding = 4; lastKnownFileType = file.xib; path = FriendsComingSoonCell.xib; sourceTree = "<group>"; };
		48D705E98F504EBB9C77839A /* Pods.xcconfig */ = {isa = PBXFileReference; includeInIndex = 1; lastKnownFileType = text.xcconfig; name = Pods.xcconfig; path = Pods/Pods.xcconfig; sourceTree = "<group>"; };
		4E84647C95C14A498AD2419D /* libPods.a */ = {isa = PBXFileReference; explicitFileType = archive.ar; includeInIndex = 0; path = libPods.a; sourceTree = BUILT_PRODUCTS_DIR; };
/* End PBXFileReference section */

/* Begin PBXFrameworksBuildPhase section */
		3518D14E1854583000EFC1AF /* Frameworks */ = {
			isa = PBXFrameworksBuildPhase;
			buildActionMask = 2147483647;
			files = (
				3518D1C81854F85800EFC1AF /* SystemConfiguration.framework in Frameworks */,
				3518D1C41854F85000EFC1AF /* Security.framework in Frameworks */,
				3518D1C21854F84900EFC1AF /* QuartzCore.framework in Frameworks */,
				3518D1C01854F84500EFC1AF /* MobileCoreServices.framework in Frameworks */,
				3518D1BE1854F83D00EFC1AF /* libz.1.1.3.dylib in Frameworks */,
				3518D1BC1854F83400EFC1AF /* CoreLocation.framework in Frameworks */,
				3518D1571854583000EFC1AF /* CoreGraphics.framework in Frameworks */,
				3518D1BA1854F82800EFC1AF /* CFNetwork.framework in Frameworks */,
				3518D1B81854F82200EFC1AF /* AudioToolbox.framework in Frameworks */,
				3518D1591854583000EFC1AF /* UIKit.framework in Frameworks */,
				3518D1B61854F7F800EFC1AF /* Parse.framework in Frameworks */,
				3518D1551854583000EFC1AF /* Foundation.framework in Frameworks */,
				3510174F18661DC7005F4101 /* StoreKit.framework in Frameworks */,
				3518D1CA1854F97000EFC1AF /* FacebookSDK.framework in Frameworks */,
				F05DA906B6EC44E6B2253C4C /* libPods.a in Frameworks */,
			);
			runOnlyForDeploymentPostprocessing = 0;
		};
		3518D1721854583000EFC1AF /* Frameworks */ = {
			isa = PBXFrameworksBuildPhase;
			buildActionMask = 2147483647;
			files = (
				3518D1771854583000EFC1AF /* XCTest.framework in Frameworks */,
				3518D1791854583000EFC1AF /* UIKit.framework in Frameworks */,
				3518D1781854583000EFC1AF /* Foundation.framework in Frameworks */,
			);
			runOnlyForDeploymentPostprocessing = 0;
		};
/* End PBXFrameworksBuildPhase section */

/* Begin PBXGroup section */
		35128E7F18683C6000DBC06D /* User Interface */ = {
			isa = PBXGroup;
			children = (
				3518D1661854583000EFC1AF /* Main_iPhone.storyboard */,
				3518D1691854583000EFC1AF /* Main_iPad.storyboard */,
				359C60BC185CD25000FB36B2 /* CurrentClassTableViewCell.h */,
				359C60BD185CD25000FB36B2 /* CurrentClassTableViewCell.m */,
				359C60BF185CD27200FB36B2 /* CurrentClassTableViewCell.xib */,
				35D20BE61864FF46001139C9 /* UpcomingClassCell.h */,
				35E36B3918A9B5A0005FBFF1 /* FriendsComingSoonCell.xib */,
				35D20BE71864FF46001139C9 /* UpcomingClassCell.m */,
				35D20BE91864FF66001139C9 /* UpcomingClassCell.xib */,
				35128E80186844E500DBC06D /* NoClassRightNow.xib */,
				355F9629188D1BBB00BB0945 /* iPhoneTableViewCell.h */,
				355F962A188D1BBB00BB0945 /* iPhoneTableViewCell.m */,
				355F962B188D1BBB00BB0945 /* iPhoneCellNib.xib */,
			);
			name = "User Interface";
			sourceTree = "<group>";
		};
		3518D1481854583000EFC1AF = {
			isa = PBXGroup;
			children = (
				35961C5C18A113FE009F09C8 /* Default-568h@2x.png */,
				3518D15A1854583000EFC1AF /* VITacademics */,
				3518D17C1854583000EFC1AF /* VITacademicsTests */,
				3518D1531854583000EFC1AF /* Frameworks */,
				3518D1521854583000EFC1AF /* Products */,
				48D705E98F504EBB9C77839A /* Pods.xcconfig */,
			);
			sourceTree = "<group>";
		};
		3518D1521854583000EFC1AF /* Products */ = {
			isa = PBXGroup;
			children = (
				3518D1511854583000EFC1AF /* VITacademics.app */,
				3518D1751854583000EFC1AF /* VITacademicsTests.xctest */,
			);
			name = Products;
			sourceTree = "<group>";
		};
		3518D1531854583000EFC1AF /* Frameworks */ = {
			isa = PBXGroup;
			children = (
				3510174E18661DC7005F4101 /* StoreKit.framework */,
				3518D1C91854F97000EFC1AF /* FacebookSDK.framework */,
				3518D1C71854F85800EFC1AF /* SystemConfiguration.framework */,
				3518D1C31854F85000EFC1AF /* Security.framework */,
				3518D1C11854F84900EFC1AF /* QuartzCore.framework */,
				3518D1BF1854F84500EFC1AF /* MobileCoreServices.framework */,
				3518D1BD1854F83D00EFC1AF /* libz.1.1.3.dylib */,
				3518D1BB1854F83400EFC1AF /* CoreLocation.framework */,
				3518D1B91854F82800EFC1AF /* CFNetwork.framework */,
				3518D1B71854F82200EFC1AF /* AudioToolbox.framework */,
				3518D1B51854F7F800EFC1AF /* Parse.framework */,
				3518D1541854583000EFC1AF /* Foundation.framework */,
				3518D1561854583000EFC1AF /* CoreGraphics.framework */,
				3518D1581854583000EFC1AF /* UIKit.framework */,
				3518D1761854583000EFC1AF /* XCTest.framework */,
				4E84647C95C14A498AD2419D /* libPods.a */,
			);
			name = Frameworks;
			sourceTree = "<group>";
		};
		3518D15A1854583000EFC1AF /* VITacademics */ = {
			isa = PBXGroup;
			children = (
				3518D1631854583000EFC1AF /* AppDelegate.h */,
				3518D1641854583000EFC1AF /* AppDelegate.m */,
				35A751ED185B90AF009FC74D /* TodayViewController.h */,
				35A751EE185B90AF009FC74D /* TodayViewController.m */,
				359EDB98185DBA1600D14248 /* FriendsViewController.h */,
				359EDB99185DBA1600D14248 /* FriendsViewController.m */,
				35A751F3185B9608009FC74D /* TabViewController.h */,
				35A751F4185B9608009FC74D /* TabViewController.m */,
				355F962E188D1E8700BB0945 /* AttendanceViewController.h */,
				355F962F188D1E8700BB0945 /* AttendanceViewController.m */,
				35D4A317189E51F400F23A28 /* DataManager.h */,
				35D4A318189E51F400F23A28 /* DataManager.m */,
				35155D7F18781A8100513E05 /* SettingsTabViewController.h */,
				35155D8018781A8100513E05 /* SettingsTabViewController.m */,
				35D2181B188FDBF5000E5BEC /* DetailViewController.h */,
				35D2181C188FDBF5000E5BEC /* DetailViewController.m */,
				3518E96A189B9981001F32A8 /* CaptchaViewController.h */,
				3518E96B189B9981001F32A8 /* CaptchaViewController.m */,
				3518E96D189B9F56001F32A8 /* SubjectDetailsViewController.h */,
				3518E96E189B9F56001F32A8 /* SubjectDetailsViewController.m */,
				35BC32DB189D950400B2999D /* ShareViewController.h */,
				35BC32DC189D950400B2999D /* ShareViewController.m */,
				35B954F5188C11BD00389DA6 /* Model */,
				35128E7F18683C6000DBC06D /* User Interface */,
				35A751F6185B9BEA009FC74D /* Tutorial */,
				35A751F7185B9BF6009FC74D /* APIs */,
				3518D16F1854583000EFC1AF /* Images.xcassets */,
				3518D15B1854583000EFC1AF /* Supporting Files */,
			);
			path = VITacademics;
			sourceTree = "<group>";
		};
		3518D15B1854583000EFC1AF /* Supporting Files */ = {
			isa = PBXGroup;
			children = (
				35A32CB518A4B3DF00898607 /* captchaError.png */,
				3595264418A400F400A4767B /* loadingImage.png */,
				35961C5E18A14E71009F09C8 /* 58.png */,
				35961C5F18A14E71009F09C8 /* 80.png */,
				35961C6018A14E71009F09C8 /* 120.png */,
				35961C6118A14E71009F09C8 /* 960x640.png */,
				35961C6218A14E71009F09C8 /* 1136x640.png */,
				3518D19A1854633100EFC1AF /* Fonts */,
				3518D15C1854583000EFC1AF /* VITacademics-Info.plist */,
				3518D15D1854583000EFC1AF /* InfoPlist.strings */,
				3518D1601854583000EFC1AF /* main.m */,
				3518D1621854583000EFC1AF /* VITacademics-Prefix.pch */,
			);
			name = "Supporting Files";
			sourceTree = "<group>";
		};
		3518D17C1854583000EFC1AF /* VITacademicsTests */ = {
			isa = PBXGroup;
			children = (
				3518D1821854583000EFC1AF /* VITacademicsTests.m */,
				3518D17D1854583000EFC1AF /* Supporting Files */,
			);
			path = VITacademicsTests;
			sourceTree = "<group>";
		};
		3518D17D1854583000EFC1AF /* Supporting Files */ = {
			isa = PBXGroup;
			children = (
				3518D17E1854583000EFC1AF /* VITacademicsTests-Info.plist */,
				3518D17F1854583000EFC1AF /* InfoPlist.strings */,
			);
			name = "Supporting Files";
			sourceTree = "<group>";
		};
		3518D19A1854633100EFC1AF /* Fonts */ = {
			isa = PBXGroup;
			children = (
				3518D19B1854633B00EFC1AF /* MuseoSans_500_Italic.otf */,
				3518D19C1854633B00EFC1AF /* MuseoSans_500.otf */,
				3518D19D1854633B00EFC1AF /* MuseoSans_700.otf */,
				3518D19E1854633B00EFC1AF /* MuseoSans_900.otf */,
				3518D19F1854633B00EFC1AF /* MuseoSans-100.otf */,
				3518D1A01854633B00EFC1AF /* MuseoSans-100Italic.otf */,
				3518D1A11854633B00EFC1AF /* MuseoSans-300.otf */,
				3518D1A21854633B00EFC1AF /* MuseoSans-300Italic.otf */,
				3518D1A31854633B00EFC1AF /* MuseoSans-700Italic.otf */,
				3518D1A41854633B00EFC1AF /* MuseoSans-900Italic.otf */,
			);
			name = Fonts;
			sourceTree = "<group>";
		};
		35A751F6185B9BEA009FC74D /* Tutorial */ = {
			isa = PBXGroup;
			children = (
				3518D19718545FE500EFC1AF /* InitView.h */,
				3518D19818545FE500EFC1AF /* InitView.m */,
				3518D1B21854CF7600EFC1AF /* StepsViewController.h */,
				3518D1B31854CF7600EFC1AF /* StepsViewController.m */,
				35204C5718586CC20005319B /* SettingsViewController.h */,
				35204C5818586CC20005319B /* SettingsViewController.m */,
			);
			name = Tutorial;
			sourceTree = "<group>";
		};
		35A751F7185B9BF6009FC74D /* APIs */ = {
			isa = PBXGroup;
			children = (
				356802AB1859118E00C41D69 /* VITxAPI.h */,
				356802AC1859118E00C41D69 /* VITxAPI.m */,
				35A751F0185B91E6009FC74D /* TimeTable.h */,
				35A751F1185B91E6009FC74D /* TimeTable.m */,
			);
			name = APIs;
			sourceTree = "<group>";
		};
		35B954F5188C11BD00389DA6 /* Model */ = {
			isa = PBXGroup;
			children = (
				35B954EF188C11B800389DA6 /* Subject.h */,
				35B954F0188C11B800389DA6 /* Subject.m */,
				35B954F1188C11B800389DA6 /* Subjects.h */,
				35B954F2188C11B800389DA6 /* Subjects.m */,
			);
			name = Model;
			sourceTree = "<group>";
		};
/* End PBXGroup section */

/* Begin PBXNativeTarget section */
		3518D1501854583000EFC1AF /* VITacademics */ = {
			isa = PBXNativeTarget;
			buildConfigurationList = 3518D1861854583000EFC1AF /* Build configuration list for PBXNativeTarget "VITacademics" */;
			buildPhases = (
				83586868A9054D18BF1B9449 /* Check Pods Manifest.lock */,
				3518D14D1854583000EFC1AF /* Sources */,
				3518D14E1854583000EFC1AF /* Frameworks */,
				3518D14F1854583000EFC1AF /* Resources */,
				6B2164B77AAB4AB7AB9988BD /* Copy Pods Resources */,
			);
			buildRules = (
			);
			dependencies = (
			);
			name = VITacademics;
			productName = VITacademics;
			productReference = 3518D1511854583000EFC1AF /* VITacademics.app */;
			productType = "com.apple.product-type.application";
		};
		3518D1741854583000EFC1AF /* VITacademicsTests */ = {
			isa = PBXNativeTarget;
			buildConfigurationList = 3518D1891854583000EFC1AF /* Build configuration list for PBXNativeTarget "VITacademicsTests" */;
			buildPhases = (
				3518D1711854583000EFC1AF /* Sources */,
				3518D1721854583000EFC1AF /* Frameworks */,
				3518D1731854583000EFC1AF /* Resources */,
			);
			buildRules = (
			);
			dependencies = (
				3518D17B1854583000EFC1AF /* PBXTargetDependency */,
			);
			name = VITacademicsTests;
			productName = VITacademicsTests;
			productReference = 3518D1751854583000EFC1AF /* VITacademicsTests.xctest */;
			productType = "com.apple.product-type.bundle.unit-test";
		};
/* End PBXNativeTarget section */

/* Begin PBXProject section */
		3518D1491854583000EFC1AF /* Project object */ = {
			isa = PBXProject;
			attributes = {
				LastUpgradeCheck = 0500;
				ORGANIZATIONNAME = "Siddharth Gupta";
				TargetAttributes = {
					3518D1501854583000EFC1AF = {
						DevelopmentTeam = GC4Z88CPZF;
						SystemCapabilities = {
							com.apple.InAppPurchase = {
								enabled = 1;
							};
						};
					};
					3518D1741854583000EFC1AF = {
						TestTargetID = 3518D1501854583000EFC1AF;
					};
				};
			};
			buildConfigurationList = 3518D14C1854583000EFC1AF /* Build configuration list for PBXProject "VITacademics" */;
			compatibilityVersion = "Xcode 3.2";
			developmentRegion = English;
			hasScannedForEncodings = 0;
			knownRegions = (
				en,
				Base,
			);
			mainGroup = 3518D1481854583000EFC1AF;
			productRefGroup = 3518D1521854583000EFC1AF /* Products */;
			projectDirPath = "";
			projectRoot = "";
			targets = (
				3518D1501854583000EFC1AF /* VITacademics */,
				3518D1741854583000EFC1AF /* VITacademicsTests */,
			);
		};
/* End PBXProject section */

/* Begin PBXResourcesBuildPhase section */
		3518D14F1854583000EFC1AF /* Resources */ = {
			isa = PBXResourcesBuildPhase;
			buildActionMask = 2147483647;
			files = (
				3518D1AB1854633B00EFC1AF /* MuseoSans-300.otf in Resources */,
				35961C6318A14E71009F09C8 /* 58.png in Resources */,
				3518D1AA1854633B00EFC1AF /* MuseoSans-100Italic.otf in Resources */,
				355F962D188D1BBB00BB0945 /* iPhoneCellNib.xib in Resources */,
				3518D1AC1854633B00EFC1AF /* MuseoSans-300Italic.otf in Resources */,
				3518D1A61854633B00EFC1AF /* MuseoSans_500.otf in Resources */,
				35961C5D18A113FE009F09C8 /* Default-568h@2x.png in Resources */,
				35A32CB618A4B3DF00898607 /* captchaError.png in Resources */,
				35E36B3A18A9B5A0005FBFF1 /* FriendsComingSoonCell.xib in Resources */,
				35961C6418A14E71009F09C8 /* 80.png in Resources */,
				3518D1AD1854633B00EFC1AF /* MuseoSans-700Italic.otf in Resources */,
				3595264518A400F400A4767B /* loadingImage.png in Resources */,
				359C60C0185CD27200FB36B2 /* CurrentClassTableViewCell.xib in Resources */,
				35961C6718A14E71009F09C8 /* 1136x640.png in Resources */,
				3518D16B1854583000EFC1AF /* Main_iPad.storyboard in Resources */,
				35128E81186844E500DBC06D /* NoClassRightNow.xib in Resources */,
				35961C6518A14E71009F09C8 /* 120.png in Resources */,
				3518D1AE1854633B00EFC1AF /* MuseoSans-900Italic.otf in Resources */,
				3518D1A51854633B00EFC1AF /* MuseoSans_500_Italic.otf in Resources */,
				3518D1701854583000EFC1AF /* Images.xcassets in Resources */,
				3518D1681854583000EFC1AF /* Main_iPhone.storyboard in Resources */,
				3518D15F1854583000EFC1AF /* InfoPlist.strings in Resources */,
				3518D1A81854633B00EFC1AF /* MuseoSans_900.otf in Resources */,
				3518D1A71854633B00EFC1AF /* MuseoSans_700.otf in Resources */,
				35D20BEA1864FF66001139C9 /* UpcomingClassCell.xib in Resources */,
				3518D1A91854633B00EFC1AF /* MuseoSans-100.otf in Resources */,
				35961C6618A14E71009F09C8 /* 960x640.png in Resources */,
			);
			runOnlyForDeploymentPostprocessing = 0;
		};
		3518D1731854583000EFC1AF /* Resources */ = {
			isa = PBXResourcesBuildPhase;
			buildActionMask = 2147483647;
			files = (
				3518D1811854583000EFC1AF /* InfoPlist.strings in Resources */,
			);
			runOnlyForDeploymentPostprocessing = 0;
		};
/* End PBXResourcesBuildPhase section */

/* Begin PBXShellScriptBuildPhase section */
		6B2164B77AAB4AB7AB9988BD /* Copy Pods Resources */ = {
			isa = PBXShellScriptBuildPhase;
			buildActionMask = 2147483647;
			files = (
			);
			inputPaths = (
			);
			name = "Copy Pods Resources";
			outputPaths = (
			);
			runOnlyForDeploymentPostprocessing = 0;
			shellPath = /bin/sh;
			shellScript = "\"${SRCROOT}/Pods/Pods-resources.sh\"\n";
			showEnvVarsInLog = 0;
		};
		83586868A9054D18BF1B9449 /* Check Pods Manifest.lock */ = {
			isa = PBXShellScriptBuildPhase;
			buildActionMask = 2147483647;
			files = (
			);
			inputPaths = (
			);
			name = "Check Pods Manifest.lock";
			outputPaths = (
			);
			runOnlyForDeploymentPostprocessing = 0;
			shellPath = /bin/sh;
			shellScript = "diff \"${PODS_ROOT}/../Podfile.lock\" \"${PODS_ROOT}/Manifest.lock\" > /dev/null\nif [[ $? != 0 ]] ; then\n    cat << EOM\nerror: The sandbox is not in sync with the Podfile.lock. Run 'pod install' or update your CocoaPods installation.\nEOM\n    exit 1\nfi\n";
			showEnvVarsInLog = 0;
		};
/* End PBXShellScriptBuildPhase section */

/* Begin PBXSourcesBuildPhase section */
		3518D14D1854583000EFC1AF /* Sources */ = {
			isa = PBXSourcesBuildPhase;
			buildActionMask = 2147483647;
			files = (
				35A751EF185B90AF009FC74D /* TodayViewController.m in Sources */,
				35155D8118781A8100513E05 /* SettingsTabViewController.m in Sources */,
				3518E96F189B9F56001F32A8 /* SubjectDetailsViewController.m in Sources */,
				3518D1651854583000EFC1AF /* AppDelegate.m in Sources */,
				35BC32DD189D950400B2999D /* ShareViewController.m in Sources */,
				3518D1611854583000EFC1AF /* main.m in Sources */,
				35A751F5185B9608009FC74D /* TabViewController.m in Sources */,
				3518E96C189B9981001F32A8 /* CaptchaViewController.m in Sources */,
				35A751F2185B91E6009FC74D /* TimeTable.m in Sources */,
				35D4A319189E51F400F23A28 /* DataManager.m in Sources */,
				35204C5918586CC20005319B /* SettingsViewController.m in Sources */,
				35B954F4188C11B800389DA6 /* Subjects.m in Sources */,
				35B954F3188C11B800389DA6 /* Subject.m in Sources */,
				35D20BE81864FF46001139C9 /* UpcomingClassCell.m in Sources */,
				355F9630188D1E8700BB0945 /* AttendanceViewController.m in Sources */,
				35D2181D188FDBF5000E5BEC /* DetailViewController.m in Sources */,
				359EDB9A185DBA1600D14248 /* FriendsViewController.m in Sources */,
				355F962C188D1BBB00BB0945 /* iPhoneTableViewCell.m in Sources */,
				3518D1B41854CF7600EFC1AF /* StepsViewController.m in Sources */,
				356802AD1859118E00C41D69 /* VITxAPI.m in Sources */,
				359C60BE185CD25000FB36B2 /* CurrentClassTableViewCell.m in Sources */,
				3518D19918545FE500EFC1AF /* InitView.m in Sources */,
			);
			runOnlyForDeploymentPostprocessing = 0;
		};
		3518D1711854583000EFC1AF /* Sources */ = {
			isa = PBXSourcesBuildPhase;
			buildActionMask = 2147483647;
			files = (
				3518D1831854583000EFC1AF /* VITacademicsTests.m in Sources */,
			);
			runOnlyForDeploymentPostprocessing = 0;
		};
/* End PBXSourcesBuildPhase section */

/* Begin PBXTargetDependency section */
		3518D17B1854583000EFC1AF /* PBXTargetDependency */ = {
			isa = PBXTargetDependency;
			target = 3518D1501854583000EFC1AF /* VITacademics */;
			targetProxy = 3518D17A1854583000EFC1AF /* PBXContainerItemProxy */;
		};
/* End PBXTargetDependency section */

/* Begin PBXVariantGroup section */
		3518D15D1854583000EFC1AF /* InfoPlist.strings */ = {
			isa = PBXVariantGroup;
			children = (
				3518D15E1854583000EFC1AF /* en */,
			);
			name = InfoPlist.strings;
			sourceTree = "<group>";
		};
		3518D1661854583000EFC1AF /* Main_iPhone.storyboard */ = {
			isa = PBXVariantGroup;
			children = (
				3518D1671854583000EFC1AF /* Base */,
			);
			name = Main_iPhone.storyboard;
			sourceTree = "<group>";
		};
		3518D1691854583000EFC1AF /* Main_iPad.storyboard */ = {
			isa = PBXVariantGroup;
			children = (
				3518D16A1854583000EFC1AF /* Base */,
			);
			name = Main_iPad.storyboard;
			sourceTree = "<group>";
		};
		3518D17F1854583000EFC1AF /* InfoPlist.strings */ = {
			isa = PBXVariantGroup;
			children = (
				3518D1801854583000EFC1AF /* en */,
			);
			name = InfoPlist.strings;
			sourceTree = "<group>";
		};
/* End PBXVariantGroup section */

/* Begin XCBuildConfiguration section */
		3518D1841854583000EFC1AF /* Debug */ = {
			isa = XCBuildConfiguration;
			buildSettings = {
				ALWAYS_SEARCH_USER_PATHS = NO;
				ARCHS = "$(ARCHS_STANDARD_INCLUDING_64_BIT)";
				CLANG_CXX_LANGUAGE_STANDARD = "gnu++0x";
				CLANG_CXX_LIBRARY = "libc++";
				CLANG_ENABLE_MODULES = YES;
				CLANG_ENABLE_OBJC_ARC = YES;
				CLANG_WARN_BOOL_CONVERSION = YES;
				CLANG_WARN_CONSTANT_CONVERSION = NO;
				CLANG_WARN_DIRECT_OBJC_ISA_USAGE = YES_ERROR;
				CLANG_WARN_EMPTY_BODY = YES;
				CLANG_WARN_ENUM_CONVERSION = NO;
				CLANG_WARN_INT_CONVERSION = NO;
				CLANG_WARN_OBJC_ROOT_CLASS = YES_ERROR;
				CLANG_WARN__DUPLICATE_METHOD_MATCH = YES;
				"CODE_SIGN_IDENTITY[sdk=iphoneos*]" = "iPhone Developer";
				COPY_PHASE_STRIP = NO;
				GCC_C_LANGUAGE_STANDARD = gnu99;
				GCC_DYNAMIC_NO_PIC = NO;
				GCC_OPTIMIZATION_LEVEL = 0;
				GCC_PREPROCESSOR_DEFINITIONS = (
					"DEBUG=1",
					"$(inherited)",
				);
				GCC_SYMBOLS_PRIVATE_EXTERN = NO;
				GCC_WARN_64_TO_32_BIT_CONVERSION = NO;
				GCC_WARN_ABOUT_RETURN_TYPE = YES_ERROR;
				GCC_WARN_UNDECLARED_SELECTOR = YES;
				GCC_WARN_UNINITIALIZED_AUTOS = YES;
				GCC_WARN_UNUSED_FUNCTION = YES;
				GCC_WARN_UNUSED_VARIABLE = YES;
				IPHONEOS_DEPLOYMENT_TARGET = 7.0;
				ONLY_ACTIVE_ARCH = YES;
				SDKROOT = iphoneos;
				TARGETED_DEVICE_FAMILY = "1,2";
			};
			name = Debug;
		};
		3518D1851854583000EFC1AF /* Release */ = {
			isa = XCBuildConfiguration;
			buildSettings = {
				ALWAYS_SEARCH_USER_PATHS = NO;
				ARCHS = "$(ARCHS_STANDARD_INCLUDING_64_BIT)";
				CLANG_CXX_LANGUAGE_STANDARD = "gnu++0x";
				CLANG_CXX_LIBRARY = "libc++";
				CLANG_ENABLE_MODULES = YES;
				CLANG_ENABLE_OBJC_ARC = YES;
				CLANG_WARN_BOOL_CONVERSION = YES;
				CLANG_WARN_CONSTANT_CONVERSION = NO;
				CLANG_WARN_DIRECT_OBJC_ISA_USAGE = YES_ERROR;
				CLANG_WARN_EMPTY_BODY = YES;
				CLANG_WARN_ENUM_CONVERSION = NO;
				CLANG_WARN_INT_CONVERSION = NO;
				CLANG_WARN_OBJC_ROOT_CLASS = YES_ERROR;
				CLANG_WARN__DUPLICATE_METHOD_MATCH = YES;
				"CODE_SIGN_IDENTITY[sdk=iphoneos*]" = "iPhone Developer";
				COPY_PHASE_STRIP = YES;
				ENABLE_NS_ASSERTIONS = NO;
				GCC_C_LANGUAGE_STANDARD = gnu99;
				GCC_WARN_64_TO_32_BIT_CONVERSION = NO;
				GCC_WARN_ABOUT_RETURN_TYPE = YES_ERROR;
				GCC_WARN_UNDECLARED_SELECTOR = YES;
				GCC_WARN_UNINITIALIZED_AUTOS = YES;
				GCC_WARN_UNUSED_FUNCTION = YES;
				GCC_WARN_UNUSED_VARIABLE = YES;
				IPHONEOS_DEPLOYMENT_TARGET = 7.0;
				SDKROOT = iphoneos;
				TARGETED_DEVICE_FAMILY = "1,2";
				VALIDATE_PRODUCT = YES;
			};
			name = Release;
		};
		3518D1871854583000EFC1AF /* Debug */ = {
			isa = XCBuildConfiguration;
			baseConfigurationReference = 48D705E98F504EBB9C77839A /* Pods.xcconfig */;
			buildSettings = {
				CODE_SIGN_IDENTITY = "iPhone Developer";
				"CODE_SIGN_IDENTITY[sdk=iphoneos*]" = "iPhone Developer";
				FRAMEWORK_SEARCH_PATHS = (
					"$(inherited)",
					/Users/Siddharth/Documents/VITacademics,
				);
				GCC_PRECOMPILE_PREFIX_HEADER = YES;
				GCC_PREFIX_HEADER = "VITacademics/VITacademics-Prefix.pch";
				INFOPLIST_FILE = "VITacademics/VITacademics-Info.plist";
				IPHONEOS_DEPLOYMENT_TARGET = 7.0;
				PRODUCT_NAME = "$(TARGET_NAME)";
				PROVISIONING_PROFILE = "";
				TARGETED_DEVICE_FAMILY = 1;
				WRAPPER_EXTENSION = app;
			};
			name = Debug;
		};
		3518D1881854583000EFC1AF /* Release */ = {
			isa = XCBuildConfiguration;
			baseConfigurationReference = 48D705E98F504EBB9C77839A /* Pods.xcconfig */;
			buildSettings = {
				CODE_SIGN_IDENTITY = "iPhone Developer";
				"CODE_SIGN_IDENTITY[sdk=iphoneos*]" = "iPhone Developer";
				FRAMEWORK_SEARCH_PATHS = (
					"$(inherited)",
					/Users/Siddharth/Documents/VITacademics,
				);
				GCC_PRECOMPILE_PREFIX_HEADER = YES;
				GCC_PREFIX_HEADER = "VITacademics/VITacademics-Prefix.pch";
				INFOPLIST_FILE = "VITacademics/VITacademics-Info.plist";
				IPHONEOS_DEPLOYMENT_TARGET = 7.0;
				PRODUCT_NAME = "$(TARGET_NAME)";
				PROVISIONING_PROFILE = "";
				TARGETED_DEVICE_FAMILY = 1;
				WRAPPER_EXTENSION = app;
			};
			name = Release;
		};
		3518D18A1854583000EFC1AF /* Debug */ = {
			isa = XCBuildConfiguration;
			buildSettings = {
				ARCHS = "$(ARCHS_STANDARD_INCLUDING_64_BIT)";
				BUNDLE_LOADER = "$(BUILT_PRODUCTS_DIR)/VITacademics.app/VITacademics";
				FRAMEWORK_SEARCH_PATHS = (
					"$(SDKROOT)/Developer/Library/Frameworks",
					"$(inherited)",
					"$(DEVELOPER_FRAMEWORKS_DIR)",
				);
				GCC_PRECOMPILE_PREFIX_HEADER = YES;
				GCC_PREFIX_HEADER = "VITacademics/VITacademics-Prefix.pch";
				GCC_PREPROCESSOR_DEFINITIONS = (
					"DEBUG=1",
					"$(inherited)",
				);
				INFOPLIST_FILE = "VITacademicsTests/VITacademicsTests-Info.plist";
				PRODUCT_NAME = "$(TARGET_NAME)";
				TEST_HOST = "$(BUNDLE_LOADER)";
				WRAPPER_EXTENSION = xctest;
			};
			name = Debug;
		};
		3518D18B1854583000EFC1AF /* Release */ = {
			isa = XCBuildConfiguration;
			buildSettings = {
				ARCHS = "$(ARCHS_STANDARD_INCLUDING_64_BIT)";
				BUNDLE_LOADER = "$(BUILT_PRODUCTS_DIR)/VITacademics.app/VITacademics";
				FRAMEWORK_SEARCH_PATHS = (
					"$(SDKROOT)/Developer/Library/Frameworks",
					"$(inherited)",
					"$(DEVELOPER_FRAMEWORKS_DIR)",
				);
				GCC_PRECOMPILE_PREFIX_HEADER = YES;
				GCC_PREFIX_HEADER = "VITacademics/VITacademics-Prefix.pch";
				INFOPLIST_FILE = "VITacademicsTests/VITacademicsTests-Info.plist";
				PRODUCT_NAME = "$(TARGET_NAME)";
				TEST_HOST = "$(BUNDLE_LOADER)";
				WRAPPER_EXTENSION = xctest;
			};
			name = Release;
		};
/* End XCBuildConfiguration section */

/* Begin XCConfigurationList section */
		3518D14C1854583000EFC1AF /* Build configuration list for PBXProject "VITacademics" */ = {
			isa = XCConfigurationList;
			buildConfigurations = (
				3518D1841854583000EFC1AF /* Debug */,
				3518D1851854583000EFC1AF /* Release */,
			);
			defaultConfigurationIsVisible = 0;
			defaultConfigurationName = Release;
		};
		3518D1861854583000EFC1AF /* Build configuration list for PBXNativeTarget "VITacademics" */ = {
			isa = XCConfigurationList;
			buildConfigurations = (
				3518D1871854583000EFC1AF /* Debug */,
				3518D1881854583000EFC1AF /* Release */,
			);
			defaultConfigurationIsVisible = 0;
			defaultConfigurationName = Release;
		};
		3518D1891854583000EFC1AF /* Build configuration list for PBXNativeTarget "VITacademicsTests" */ = {
			isa = XCConfigurationList;
			buildConfigurations = (
				3518D18A1854583000EFC1AF /* Debug */,
				3518D18B1854583000EFC1AF /* Release */,
			);
			defaultConfigurationIsVisible = 0;
			defaultConfigurationName = Release;
		};
/* End XCConfigurationList section */
	};
	rootObject = 3518D1491854583000EFC1AF /* Project object */;
}
